// !$*UTF8*$!
{
	archiveVersion = 1;
	classes = {
	};
	objectVersion = 56;
	objects = {

/* Begin PBXBuildFile section */
		D90627B62FDA08B400A74A9B /* Color+Extensions.swift in Sources */ = {isa = PBXBuildFile; fileRef = D90627B22FDA08B400A74A9B /* Color+Extensions.swift */; };
		D90627B72FDA08B400A74A9B /* Date+Extensions.swift in Sources */ = {isa = PBXBuildFile; fileRef = D90627B32FDA08B400A74A9B /* Date+Extensions.swift */; };
		D90627B82FDA08B400A74A9B /* WeatherTheme.swift in Sources */ = {isa = PBXBuildFile; fileRef = D90627B42FDA08B400A74A9B /* WeatherTheme.swift */; };
		D90627B92FDA08B400A74A9B /* Double+Extensions.swift in Sources */ = {isa = PBXBuildFile; fileRef = D90627B52FDA08B400A74A9B /* Double+Extensions.swift */; };
		D9499D112FDA33D000046E67 /* WeatherAPIService.swift in Sources */ = {isa = PBXBuildFile; fileRef = D9499D0E2FDA33D000046E67 /* WeatherAPIService.swift */; };
		D9499D122FDA33D000046E67 /* Endpoint.swift in Sources */ = {isa = PBXBuildFile; fileRef = D9499D0F2FDA33D000046E67 /* Endpoint.swift */; };
		D9499D132FDA33D000046E67 /* NetworkError.swift in Sources */ = {isa = PBXBuildFile; fileRef = D9499D102FDA33D000046E67 /* NetworkError.swift */; };
		D9499D152FDA355F00046E67 /* WeatherRemoteDataSource.swift in Sources */ = {isa = PBXBuildFile; fileRef = D9499D142FDA355F00046E67 /* WeatherRemoteDataSource.swift */; };
		D9499D172FDA357000046E67 /* WeatherRemoteDataSourceImpl.swift in Sources */ = {isa = PBXBuildFile; fileRef = D9499D162FDA357000046E67 /* WeatherRemoteDataSourceImpl.swift */; };
		D9499D202FDA359500046E67 /* SearchResultDTO.swift in Sources */ = {isa = PBXBuildFile; fileRef = D9499D182FDA359300046E67 /* SearchResultDTO.swift */; };
		D9499D212FDA359500046E67 /* ForecastDayDTO.swift in Sources */ = {isa = PBXBuildFile; fileRef = D9499D192FDA359400046E67 /* ForecastDayDTO.swift */; };
		D9499D222FDA359500046E67 /* ConditionDTO.swift in Sources */ = {isa = PBXBuildFile; fileRef = D9499D1A2FDA359400046E67 /* ConditionDTO.swift */; };
		D9499D232FDA359500046E67 /* DayDTO.swift in Sources */ = {isa = PBXBuildFile; fileRef = D9499D1B2FDA359500046E67 /* DayDTO.swift */; };
		D9499D242FDA359500046E67 /* HourDTO.swift in Sources */ = {isa = PBXBuildFile; fileRef = D9499D1C2FDA359500046E67 /* HourDTO.swift */; };
		D9499D252FDA359500046E67 /* LocationDTO.swift in Sources */ = {isa = PBXBuildFile; fileRef = D9499D1D2FDA359500046E67 /* LocationDTO.swift */; };
		D9499D262FDA359500046E67 /* CurrentDTO.swift in Sources */ = {isa = PBXBuildFile; fileRef = D9499D1E2FDA359500046E67 /* CurrentDTO.swift */; };
		D9499D272FDA359500046E67 /* WeatherResponseDTO.swift in Sources */ = {isa = PBXBuildFile; fileRef = D9499D1F2FDA359500046E67 /* WeatherResponseDTO.swift */; };
		D9499D2B2FDA386C00046E67 /* WeatherLocalDataSource.swift in Sources */ = {isa = PBXBuildFile; fileRef = D9499D2A2FDA386C00046E67 /* WeatherLocalDataSource.swift */; };
		D9499D2D2FDA387500046E67 /* WeatherLocalDataSourceImpl.swift in Sources */ = {isa = PBXBuildFile; fileRef = D9499D2C2FDA387500046E67 /* WeatherLocalDataSourceImpl.swift */; };
		D9499D2F2FDA395500046E67 /* WeatherRepositoryImpl.swift in Sources */ = {isa = PBXBuildFile; fileRef = D9499D2E2FDA395500046E67 /* WeatherRepositoryImpl.swift */; };
		D9499D312FDA396F00046E67 /* SearchRepositoryImpl.swift in Sources */ = {isa = PBXBuildFile; fileRef = D9499D302FDA396F00046E67 /* SearchRepositoryImpl.swift */; };
		D9499D332FDA3A8500046E67 /* LocationManager.swift in Sources */ = {isa = PBXBuildFile; fileRef = D9499D322FDA3A8500046E67 /* LocationManager.swift */; };
		D94A25FB2FDA3D87002C80AB /* SaveLocationUseCase.swift in Sources */ = {isa = PBXBuildFile; fileRef = D94A25F42FDA3D87002C80AB /* SaveLocationUseCase.swift */; };
		D94A25FC2FDA3D87002C80AB /* GetSavedLocationsUseCase.swift in Sources */ = {isa = PBXBuildFile; fileRef = D94A25F52FDA3D87002C80AB /* GetSavedLocationsUseCase.swift */; };
		D94A25FD2FDA3D87002C80AB /* GetCurrentLocationWeatherUseCase.swift in Sources */ = {isa = PBXBuildFile; fileRef = D94A25F62FDA3D87002C80AB /* GetCurrentLocationWeatherUseCase.swift */; };
		D94A25FE2FDA3D87002C80AB /* RemoveLocationUseCase.swift in Sources */ = {isa = PBXBuildFile; fileRef = D94A25F72FDA3D87002C80AB /* RemoveLocationUseCase.swift */; };
		D94A25FF2FDA3D87002C80AB /* GetWeatherForLocationUseCase.swift in Sources */ = {isa = PBXBuildFile; fileRef = D94A25F82FDA3D87002C80AB /* GetWeatherForLocationUseCase.swift */; };
		D94A26002FDA3D87002C80AB /* SearchCitiesUseCase.swift in Sources */ = {isa = PBXBuildFile; fileRef = D94A25F92FDA3D87002C80AB /* SearchCitiesUseCase.swift */; };
		D94A26012FDA3D87002C80AB /* CheckIfSavedUseCase.swift in Sources */ = {isa = PBXBuildFile; fileRef = D94A25FA2FDA3D87002C80AB /* CheckIfSavedUseCase.swift */; };
		D94A26032FDA3E69002C80AB /* DIContainer.swift in Sources */ = {isa = PBXBuildFile; fileRef = D94A26022FDA3E69002C80AB /* DIContainer.swift */; };
		D9584F7D2FDA8F8F00DDFBF4 /* HomeViewModel.swift in Sources */ = {isa = PBXBuildFile; fileRef = D9584F7C2FDA8F8F00DDFBF4 /* HomeViewModel.swift */; };
		D9584F822FDA91FA00DDFBF4 /* HomeBackgrounds.swift in Sources */ = {isa = PBXBuildFile; fileRef = D9584F802FDA91FA00DDFBF4 /* HomeBackgrounds.swift */; };
		D9584F832FDA91FA00DDFBF4 /* HomeComponents.swift in Sources */ = {isa = PBXBuildFile; fileRef = D9584F812FDA91FA00DDFBF4 /* HomeComponents.swift */; };
		D9584F872FDA927700DDFBF4 /* HomeView.swift in Sources */ = {isa = PBXBuildFile; fileRef = D9584F842FDA927700DDFBF4 /* HomeView.swift */; };
		D9584F882FDA927700DDFBF4 /* HourlyView.swift in Sources */ = {isa = PBXBuildFile; fileRef = D9584F852FDA927700DDFBF4 /* HourlyView.swift */; };
		D9584F892FDA927700DDFBF4 /* HourlyRowView.swift in Sources */ = {isa = PBXBuildFile; fileRef = D9584F862FDA927700DDFBF4 /* HourlyRowView.swift */; };
		D9584F8B2FDAA7AA00DDFBF4 /* CustomTransition.swift in Sources */ = {isa = PBXBuildFile; fileRef = D9584F8A2FDAA7AA00DDFBF4 /* CustomTransition.swift */; };
		D95FA32C2FDA106600F94B03 /* WeatherCondition.swift in Sources */ = {isa = PBXBuildFile; fileRef = D95FA3282FDA106600F94B03 /* WeatherCondition.swift */; };
		D95FA32D2FDA106600F94B03 /* CurrentWeather.swift in Sources */ = {isa = PBXBuildFile; fileRef = D95FA3292FDA106600F94B03 /* CurrentWeather.swift */; };
		D95FA32E2FDA106600F94B03 /* DailyWeather.swift in Sources */ = {isa = PBXBuildFile; fileRef = D95FA32A2FDA106600F94B03 /* DailyWeather.swift */; };
		D95FA32F2FDA106600F94B03 /* HourlyWeather.swift in Sources */ = {isa = PBXBuildFile; fileRef = D95FA32B2FDA106600F94B03 /* HourlyWeather.swift */; };
		D95FA3332FDA109700F94B03 /* CityLocation.swift in Sources */ = {isa = PBXBuildFile; fileRef = D95FA3302FDA109700F94B03 /* CityLocation.swift */; };
		D95FA3342FDA109700F94B03 /* SavedLocation.swift in Sources */ = {isa = PBXBuildFile; fileRef = D95FA3312FDA109700F94B03 /* SavedLocation.swift */; };
		D95FA3352FDA109700F94B03 /* WeatherBundle.swift in Sources */ = {isa = PBXBuildFile; fileRef = D95FA3322FDA109700F94B03 /* WeatherBundle.swift */; };
		D95FA3382FDA146100F94B03 /* SearchRepository.swift in Sources */ = {isa = PBXBuildFile; fileRef = D95FA3362FDA146100F94B03 /* SearchRepository.swift */; };
		D95FA3392FDA146100F94B03 /* WeatherRepository.swift in Sources */ = {isa = PBXBuildFile; fileRef = D95FA3372FDA146100F94B03 /* WeatherRepository.swift */; };
		D95FA33D2FDA206300F94B03 /* Persistence.swift in Sources */ = {isa = PBXBuildFile; fileRef = D95FA33B2FDA206300F94B03 /* Persistence.swift */; };
		D95FA33E2FDA206300F94B03 /* CoreDataManager.swift in Sources */ = {isa = PBXBuildFile; fileRef = D95FA33C2FDA206300F94B03 /* CoreDataManager.swift */; };
		D9B2550D2FDB0D9300C354C1 /* SearchViewModel.swift in Sources */ = {isa = PBXBuildFile; fileRef = D9B2550C2FDB0D9300C354C1 /* SearchViewModel.swift */; };
		D9B2550F2FDB0E0200C354C1 /* SearchView.swift in Sources */ = {isa = PBXBuildFile; fileRef = D9B2550E2FDB0E0200C354C1 /* SearchView.swift */; };
		D9B255112FDB11CF00C354C1 /* SearchBarView.swift in Sources */ = {isa = PBXBuildFile; fileRef = D9B255102FDB11CF00C354C1 /* SearchBarView.swift */; };
		D9B255132FDB11EF00C354C1 /* FeaturedCitiesSection.swift in Sources */ = {isa = PBXBuildFile; fileRef = D9B255122FDB11EF00C354C1 /* FeaturedCitiesSection.swift */; };
		D9B255152FDB11FB00C354C1 /* FeaturedCityCard.swift in Sources */ = {isa = PBXBuildFile; fileRef = D9B255142FDB11FB00C354C1 /* FeaturedCityCard.swift */; };
		D9B2551A2FDB16CF00C354C1 /* WeatherDetailsViewModel.swift in Sources */ = {isa = PBXBuildFile; fileRef = D9B255192FDB16CF00C354C1 /* WeatherDetailsViewModel.swift */; };
		D9B2551C2FDB173600C354C1 /* WeatherDetailsView.swift in Sources */ = {isa = PBXBuildFile; fileRef = D9B2551B2FDB173600C354C1 /* WeatherDetailsView.swift */; };
		D9B255242FDB328F00C354C1 /* SearchResultRowView.swift in Sources */ = {isa = PBXBuildFile; fileRef = D9B255232FDB328F00C354C1 /* SearchResultRowView.swift */; };
		D9B255262FDB32AF00C354C1 /* SearchResultsSection.swift in Sources */ = {isa = PBXBuildFile; fileRef = D9B255252FDB32AF00C354C1 /* SearchResultsSection.swift */; };
		D9B2552B2FDB354700C354C1 /* SavedLocationsViewModel.swift in Sources */ = {isa = PBXBuildFile; fileRef = D9B2552A2FDB354700C354C1 /* SavedLocationsViewModel.swift */; };
		D9B2552D2FDB356F00C354C1 /* SavedLocationsView.swift in Sources */ = {isa = PBXBuildFile; fileRef = D9B2552C2FDB356F00C354C1 /* SavedLocationsView.swift */; };
		D9B2552F2FDB359D00C354C1 /* SavedLocationRowView.swift in Sources */ = {isa = PBXBuildFile; fileRef = D9B2552E2FDB359D00C354C1 /* SavedLocationRowView.swift */; };
		D9B255322FDB4B2200C354C1 /* SplashView.swift in Sources */ = {isa = PBXBuildFile; fileRef = D9B255312FDB4B2200C354C1 /* SplashView.swift */; };
		D9EFEBCC2FD8B0940062A7FB /* WeatherCastApp.swift in Sources */ = {isa = PBXBuildFile; fileRef = D9EFEBCB2FD8B0940062A7FB /* WeatherCastApp.swift */; };
		D9EFEBCE2FD8B0940062A7FB /* ContentView.swift in Sources */ = {isa = PBXBuildFile; fileRef = D9EFEBCD2FD8B0940062A7FB /* ContentView.swift */; };
		D9EFEBD02FD8B0A50062A7FB /* Assets.xcassets in Resources */ = {isa = PBXBuildFile; fileRef = D9EFEBCF2FD8B0A50062A7FB /* Assets.xcassets */; };
		D9EFEBD32FD8B0A50062A7FB /* Preview Assets.xcassets in Resources */ = {isa = PBXBuildFile; fileRef = D9EFEBD22FD8B0A50062A7FB /* Preview Assets.xcassets */; };
		D9EFEBD82FD8B0A60062A7FB /* WeatherCast.xcdatamodeld in Sources */ = {isa = PBXBuildFile; fileRef = D9EFEBD62FD8B0A60062A7FB /* WeatherCast.xcdatamodeld */; };
		D9EFEBE22FD8B0A70062A7FB /* WeatherCastTests.swift in Sources */ = {isa = PBXBuildFile; fileRef = D9EFEBE12FD8B0A70062A7FB /* WeatherCastTests.swift */; };
		D9EFEBEC2FD8B0A70062A7FB /* WeatherCastUITests.swift in Sources */ = {isa = PBXBuildFile; fileRef = D9EFEBEB2FD8B0A70062A7FB /* WeatherCastUITests.swift */; };
		D9EFEBEE2FD8B0A70062A7FB /* WeatherCastUITestsLaunchTests.swift in Sources */ = {isa = PBXBuildFile; fileRef = D9EFEBED2FD8B0A70062A7FB /* WeatherCastUITestsLaunchTests.swift */; };
/* End PBXBuildFile section */

/* Begin PBXContainerItemProxy section */
		D9EFEBDE2FD8B0A70062A7FB /* PBXContainerItemProxy */ = {
			isa = PBXContainerItemProxy;
			containerPortal = D9EFEBC02FD8B0940062A7FB /* Project object */;
			proxyType = 1;
			remoteGlobalIDString = D9EFEBC72FD8B0940062A7FB;
			remoteInfo = WeatherCast;
		};
		D9EFEBE82FD8B0A70062A7FB /* PBXContainerItemProxy */ = {
			isa = PBXContainerItemProxy;
			containerPortal = D9EFEBC02FD8B0940062A7FB /* Project object */;
			proxyType = 1;
			remoteGlobalIDString = D9EFEBC72FD8B0940062A7FB;
			remoteInfo = WeatherCast;
		};
/* End PBXContainerItemProxy section */

/* Begin PBXFileReference section */
		D90627B22FDA08B400A74A9B /* Color+Extensions.swift */ = {isa = PBXFileReference; fileEncoding = 4; lastKnownFileType = sourcecode.swift; path = "Color+Extensions.swift"; sourceTree = "<group>"; };
		D90627B32FDA08B400A74A9B /* Date+Extensions.swift */ = {isa = PBXFileReference; fileEncoding = 4; lastKnownFileType = sourcecode.swift; path = "Date+Extensions.swift"; sourceTree = "<group>"; };
		D90627B42FDA08B400A74A9B /* WeatherTheme.swift */ = {isa = PBXFileReference; fileEncoding = 4; lastKnownFileType = sourcecode.swift; path = WeatherTheme.swift; sourceTree = "<group>"; };
		D90627B52FDA08B400A74A9B /* Double+Extensions.swift */ = {isa = PBXFileReference; fileEncoding = 4; lastKnownFileType = sourcecode.swift; path = "Double+Extensions.swift"; sourceTree = "<group>"; };
		D9499D0E2FDA33D000046E67 /* WeatherAPIService.swift */ = {isa = PBXFileReference; fileEncoding = 4; lastKnownFileType = sourcecode.swift; path = WeatherAPIService.swift; sourceTree = "<group>"; };
		D9499D0F2FDA33D000046E67 /* Endpoint.swift */ = {isa = PBXFileReference; fileEncoding = 4; lastKnownFileType = sourcecode.swift; path = Endpoint.swift; sourceTree = "<group>"; };
		D9499D102FDA33D000046E67 /* NetworkError.swift */ = {isa = PBXFileReference; fileEncoding = 4; lastKnownFileType = sourcecode.swift; path = NetworkError.swift; sourceTree = "<group>"; };
		D9499D142FDA355F00046E67 /* WeatherRemoteDataSource.swift */ = {isa = PBXFileReference; lastKnownFileType = sourcecode.swift; path = WeatherRemoteDataSource.swift; sourceTree = "<group>"; };
		D9499D162FDA357000046E67 /* WeatherRemoteDataSourceImpl.swift */ = {isa = PBXFileReference; lastKnownFileType = sourcecode.swift; path = WeatherRemoteDataSourceImpl.swift; sourceTree = "<group>"; };
		D9499D182FDA359300046E67 /* SearchResultDTO.swift */ = {isa = PBXFileReference; fileEncoding = 4; lastKnownFileType = sourcecode.swift; path = SearchResultDTO.swift; sourceTree = "<group>"; };
		D9499D192FDA359400046E67 /* ForecastDayDTO.swift */ = {isa = PBXFileReference; fileEncoding = 4; lastKnownFileType = sourcecode.swift; path = ForecastDayDTO.swift; sourceTree = "<group>"; };
		D9499D1A2FDA359400046E67 /* ConditionDTO.swift */ = {isa = PBXFileReference; fileEncoding = 4; lastKnownFileType = sourcecode.swift; path = ConditionDTO.swift; sourceTree = "<group>"; };
		D9499D1B2FDA359500046E67 /* DayDTO.swift */ = {isa = PBXFileReference; fileEncoding = 4; lastKnownFileType = sourcecode.swift; path = DayDTO.swift; sourceTree = "<group>"; };
		D9499D1C2FDA359500046E67 /* HourDTO.swift */ = {isa = PBXFileReference; fileEncoding = 4; lastKnownFileType = sourcecode.swift; path = HourDTO.swift; sourceTree = "<group>"; };
		D9499D1D2FDA359500046E67 /* LocationDTO.swift */ = {isa = PBXFileReference; fileEncoding = 4; lastKnownFileType = sourcecode.swift; path = LocationDTO.swift; sourceTree = "<group>"; };
		D9499D1E2FDA359500046E67 /* CurrentDTO.swift */ = {isa = PBXFileReference; fileEncoding = 4; lastKnownFileType = sourcecode.swift; path = CurrentDTO.swift; sourceTree = "<group>"; };
		D9499D1F2FDA359500046E67 /* WeatherResponseDTO.swift */ = {isa = PBXFileReference; fileEncoding = 4; lastKnownFileType = sourcecode.swift; path = WeatherResponseDTO.swift; sourceTree = "<group>"; };
		D9499D2A2FDA386C00046E67 /* WeatherLocalDataSource.swift */ = {isa = PBXFileReference; lastKnownFileType = sourcecode.swift; path = WeatherLocalDataSource.swift; sourceTree = "<group>"; };
		D9499D2C2FDA387500046E67 /* WeatherLocalDataSourceImpl.swift */ = {isa = PBXFileReference; lastKnownFileType = sourcecode.swift; path = WeatherLocalDataSourceImpl.swift; sourceTree = "<group>"; };
		D9499D2E2FDA395500046E67 /* WeatherRepositoryImpl.swift */ = {isa = PBXFileReference; lastKnownFileType = sourcecode.swift; path = WeatherRepositoryImpl.swift; sourceTree = "<group>"; };
		D9499D302FDA396F00046E67 /* SearchRepositoryImpl.swift */ = {isa = PBXFileReference; lastKnownFileType = sourcecode.swift; path = SearchRepositoryImpl.swift; sourceTree = "<group>"; };
		D9499D322FDA3A8500046E67 /* LocationManager.swift */ = {isa = PBXFileReference; lastKnownFileType = sourcecode.swift; path = LocationManager.swift; sourceTree = "<group>"; };
		D94A25F42FDA3D87002C80AB /* SaveLocationUseCase.swift */ = {isa = PBXFileReference; fileEncoding = 4; lastKnownFileType = sourcecode.swift; path = SaveLocationUseCase.swift; sourceTree = "<group>"; };
		D94A25F52FDA3D87002C80AB /* GetSavedLocationsUseCase.swift */ = {isa = PBXFileReference; fileEncoding = 4; lastKnownFileType = sourcecode.swift; path = GetSavedLocationsUseCase.swift; sourceTree = "<group>"; };
		D94A25F62FDA3D87002C80AB /* GetCurrentLocationWeatherUseCase.swift */ = {isa = PBXFileReference; fileEncoding = 4; lastKnownFileType = sourcecode.swift; path = GetCurrentLocationWeatherUseCase.swift; sourceTree = "<group>"; };
		D94A25F72FDA3D87002C80AB /* RemoveLocationUseCase.swift */ = {isa = PBXFileReference; fileEncoding = 4; lastKnownFileType = sourcecode.swift; path = RemoveLocationUseCase.swift; sourceTree = "<group>"; };
		D94A25F82FDA3D87002C80AB /* GetWeatherForLocationUseCase.swift */ = {isa = PBXFileReference; fileEncoding = 4; lastKnownFileType = sourcecode.swift; path = GetWeatherForLocationUseCase.swift; sourceTree = "<group>"; };
		D94A25F92FDA3D87002C80AB /* SearchCitiesUseCase.swift */ = {isa = PBXFileReference; fileEncoding = 4; lastKnownFileType = sourcecode.swift; path = SearchCitiesUseCase.swift; sourceTree = "<group>"; };
		D94A25FA2FDA3D87002C80AB /* CheckIfSavedUseCase.swift */ = {isa = PBXFileReference; fileEncoding = 4; lastKnownFileType = sourcecode.swift; path = CheckIfSavedUseCase.swift; sourceTree = "<group>"; };
		D94A26022FDA3E69002C80AB /* DIContainer.swift */ = {isa = PBXFileReference; fileEncoding = 4; lastKnownFileType = sourcecode.swift; path = DIContainer.swift; sourceTree = "<group>"; };
		D9584F792FDA468A00DDFBF4 /* Info.plist */ = {isa = PBXFileReference; lastKnownFileType = text.plist; path = Info.plist; sourceTree = "<group>"; };
		D9584F7C2FDA8F8F00DDFBF4 /* HomeViewModel.swift */ = {isa = PBXFileReference; lastKnownFileType = sourcecode.swift; path = HomeViewModel.swift; sourceTree = "<group>"; };
		D9584F802FDA91FA00DDFBF4 /* HomeBackgrounds.swift */ = {isa = PBXFileReference; fileEncoding = 4; lastKnownFileType = sourcecode.swift; path = HomeBackgrounds.swift; sourceTree = "<group>"; };
		D9584F812FDA91FA00DDFBF4 /* HomeComponents.swift */ = {isa = PBXFileReference; fileEncoding = 4; lastKnownFileType = sourcecode.swift; path = HomeComponents.swift; sourceTree = "<group>"; };
		D9584F842FDA927700DDFBF4 /* HomeView.swift */ = {isa = PBXFileReference; fileEncoding = 4; lastKnownFileType = sourcecode.swift; path = HomeView.swift; sourceTree = "<group>"; };
		D9584F852FDA927700DDFBF4 /* HourlyView.swift */ = {isa = PBXFileReference; fileEncoding = 4; lastKnownFileType = sourcecode.swift; path = HourlyView.swift; sourceTree = "<group>"; };
		D9584F862FDA927700DDFBF4 /* HourlyRowView.swift */ = {isa = PBXFileReference; fileEncoding = 4; lastKnownFileType = sourcecode.swift; path = HourlyRowView.swift; sourceTree = "<group>"; };
		D9584F8A2FDAA7AA00DDFBF4 /* CustomTransition.swift */ = {isa = PBXFileReference; lastKnownFileType = sourcecode.swift; path = CustomTransition.swift; sourceTree = "<group>"; };
		D95FA3282FDA106600F94B03 /* WeatherCondition.swift */ = {isa = PBXFileReference; fileEncoding = 4; lastKnownFileType = sourcecode.swift; path = WeatherCondition.swift; sourceTree = "<group>"; };
		D95FA3292FDA106600F94B03 /* CurrentWeather.swift */ = {isa = PBXFileReference; fileEncoding = 4; lastKnownFileType = sourcecode.swift; path = CurrentWeather.swift; sourceTree = "<group>"; };
		D95FA32A2FDA106600F94B03 /* DailyWeather.swift */ = {isa = PBXFileReference; fileEncoding = 4; lastKnownFileType = sourcecode.swift; path = DailyWeather.swift; sourceTree = "<group>"; };
		D95FA32B2FDA106600F94B03 /* HourlyWeather.swift */ = {isa = PBXFileReference; fileEncoding = 4; lastKnownFileType = sourcecode.swift; path = HourlyWeather.swift; sourceTree = "<group>"; };
		D95FA3302FDA109700F94B03 /* CityLocation.swift */ = {isa = PBXFileReference; fileEncoding = 4; lastKnownFileType = sourcecode.swift; path = CityLocation.swift; sourceTree = "<group>"; };
		D95FA3312FDA109700F94B03 /* SavedLocation.swift */ = {isa = PBXFileReference; fileEncoding = 4; lastKnownFileType = sourcecode.swift; path = SavedLocation.swift; sourceTree = "<group>"; };
		D95FA3322FDA109700F94B03 /* WeatherBundle.swift */ = {isa = PBXFileReference; fileEncoding = 4; lastKnownFileType = sourcecode.swift; path = WeatherBundle.swift; sourceTree = "<group>"; };
		D95FA3362FDA146100F94B03 /* SearchRepository.swift */ = {isa = PBXFileReference; fileEncoding = 4; lastKnownFileType = sourcecode.swift; path = SearchRepository.swift; sourceTree = "<group>"; };
		D95FA3372FDA146100F94B03 /* WeatherRepository.swift */ = {isa = PBXFileReference; fileEncoding = 4; lastKnownFileType = sourcecode.swift; path = WeatherRepository.swift; sourceTree = "<group>"; };
		D95FA33B2FDA206300F94B03 /* Persistence.swift */ = {isa = PBXFileReference; fileEncoding = 4; lastKnownFileType = sourcecode.swift; path = Persistence.swift; sourceTree = "<group>"; };
		D95FA33C2FDA206300F94B03 /* CoreDataManager.swift */ = {isa = PBXFileReference; fileEncoding = 4; lastKnownFileType = sourcecode.swift; path = CoreDataManager.swift; sourceTree = "<group>"; };
		D9B2550C2FDB0D9300C354C1 /* SearchViewModel.swift */ = {isa = PBXFileReference; lastKnownFileType = sourcecode.swift; path = SearchViewModel.swift; sourceTree = "<group>"; };
		D9B2550E2FDB0E0200C354C1 /* SearchView.swift */ = {isa = PBXFileReference; lastKnownFileType = sourcecode.swift; path = SearchView.swift; sourceTree = "<group>"; };
		D9B255102FDB11CF00C354C1 /* SearchBarView.swift */ = {isa = PBXFileReference; lastKnownFileType = sourcecode.swift; path = SearchBarView.swift; sourceTree = "<group>"; };
		D9B255122FDB11EF00C354C1 /* FeaturedCitiesSection.swift */ = {isa = PBXFileReference; lastKnownFileType = sourcecode.swift; path = FeaturedCitiesSection.swift; sourceTree = "<group>"; };
		D9B255142FDB11FB00C354C1 /* FeaturedCityCard.swift */ = {isa = PBXFileReference; lastKnownFileType = sourcecode.swift; path = FeaturedCityCard.swift; sourceTree = "<group>"; };
		D9B255192FDB16CF00C354C1 /* WeatherDetailsViewModel.swift */ = {isa = PBXFileReference; lastKnownFileType = sourcecode.swift; path = WeatherDetailsViewModel.swift; sourceTree = "<group>"; };
		D9B2551B2FDB173600C354C1 /* WeatherDetailsView.swift */ = {isa = PBXFileReference; lastKnownFileType = sourcecode.swift; path = WeatherDetailsView.swift; sourceTree = "<group>"; };
		D9B255232FDB328F00C354C1 /* SearchResultRowView.swift */ = {isa = PBXFileReference; lastKnownFileType = sourcecode.swift; path = SearchResultRowView.swift; sourceTree = "<group>"; };
		D9B255252FDB32AF00C354C1 /* SearchResultsSection.swift */ = {isa = PBXFileReference; lastKnownFileType = sourcecode.swift; path = SearchResultsSection.swift; sourceTree = "<group>"; };
		D9B2552A2FDB354700C354C1 /* SavedLocationsViewModel.swift */ = {isa = PBXFileReference; lastKnownFileType = sourcecode.swift; path = SavedLocationsViewModel.swift; sourceTree = "<group>"; };
		D9B2552C2FDB356F00C354C1 /* SavedLocationsView.swift */ = {isa = PBXFileReference; lastKnownFileType = sourcecode.swift; path = SavedLocationsView.swift; sourceTree = "<group>"; };
		D9B2552E2FDB359D00C354C1 /* SavedLocationRowView.swift */ = {isa = PBXFileReference; lastKnownFileType = sourcecode.swift; path = SavedLocationRowView.swift; sourceTree = "<group>"; };
		D9B255312FDB4B2200C354C1 /* SplashView.swift */ = {isa = PBXFileReference; lastKnownFileType = sourcecode.swift; path = SplashView.swift; sourceTree = "<group>"; };
		D9EFEBC82FD8B0940062A7FB /* WeatherCast.app */ = {isa = PBXFileReference; explicitFileType = wrapper.application; includeInIndex = 0; path = WeatherCast.app; sourceTree = BUILT_PRODUCTS_DIR; };
		D9EFEBCB2FD8B0940062A7FB /* WeatherCastApp.swift */ = {isa = PBXFileReference; lastKnownFileType = sourcecode.swift; path = WeatherCastApp.swift; sourceTree = "<group>"; };
		D9EFEBCD2FD8B0940062A7FB /* ContentView.swift */ = {isa = PBXFileReference; lastKnownFileType = sourcecode.swift; path = ContentView.swift; sourceTree = "<group>"; };
		D9EFEBCF2FD8B0A50062A7FB /* Assets.xcassets */ = {isa = PBXFileReference; lastKnownFileType = folder.assetcatalog; path = Assets.xcassets; sourceTree = "<group>"; };
		D9EFEBD22FD8B0A50062A7FB /* Preview Assets.xcassets */ = {isa = PBXFileReference; lastKnownFileType = folder.assetcatalog; path = "Preview Assets.xcassets"; sourceTree = "<group>"; };
		D9EFEBD72FD8B0A60062A7FB /* WeatherCast.xcdatamodel */ = {isa = PBXFileReference; lastKnownFileType = wrapper.xcdatamodel; path = WeatherCast.xcdatamodel; sourceTree = "<group>"; };
		D9EFEBDD2FD8B0A70062A7FB /* WeatherCastTests.xctest */ = {isa = PBXFileReference; explicitFileType = wrapper.cfbundle; includeInIndex = 0; path = WeatherCastTests.xctest; sourceTree = BUILT_PRODUCTS_DIR; };
		D9EFEBE12FD8B0A70062A7FB /* WeatherCastTests.swift */ = {isa = PBXFileReference; lastKnownFileType = sourcecode.swift; path = WeatherCastTests.swift; sourceTree = "<group>"; };
		D9EFEBE72FD8B0A70062A7FB /* WeatherCastUITests.xctest */ = {isa = PBXFileReference; explicitFileType = wrapper.cfbundle; includeInIndex = 0; path = WeatherCastUITests.xctest; sourceTree = BUILT_PRODUCTS_DIR; };
		D9EFEBEB2FD8B0A70062A7FB /* WeatherCastUITests.swift */ = {isa = PBXFileReference; lastKnownFileType = sourcecode.swift; path = WeatherCastUITests.swift; sourceTree = "<group>"; };
		D9EFEBED2FD8B0A70062A7FB /* WeatherCastUITestsLaunchTests.swift */ = {isa = PBXFileReference; lastKnownFileType = sourcecode.swift; path = WeatherCastUITestsLaunchTests.swift; sourceTree = "<group>"; };
/* End PBXFileReference section */

/* Begin PBXFrameworksBuildPhase section */
		D9EFEBC52FD8B0940062A7FB /* Frameworks */ = {
			isa = PBXFrameworksBuildPhase;
			buildActionMask = 2147483647;
			files = (
			);
			runOnlyForDeploymentPostprocessing = 0;
		};
		D9EFEBDA2FD8B0A70062A7FB /* Frameworks */ = {
			isa = PBXFrameworksBuildPhase;
			buildActionMask = 2147483647;
			files = (
			);
			runOnlyForDeploymentPostprocessing = 0;
		};
		D9EFEBE42FD8B0A70062A7FB /* Frameworks */ = {
			isa = PBXFrameworksBuildPhase;
			buildActionMask = 2147483647;
			files = (
			);
			runOnlyForDeploymentPostprocessing = 0;
		};
/* End PBXFrameworksBuildPhase section */

/* Begin PBXGroup section */
		D90627A22FDA050E00A74A9B /* App */ = {
			isa = PBXGroup;
			children = (
				D9EFEBCB2FD8B0940062A7FB /* WeatherCastApp.swift */,
				D9EFEBCD2FD8B0940062A7FB /* ContentView.swift */,
			);
			path = App;
			sourceTree = "<group>";
		};
		D90627A32FDA051300A74A9B /* Core */ = {
			isa = PBXGroup;
			children = (
				D90627A52FDA056600A74A9B /* DI */,
				D90627A62FDA057600A74A9B /* Network */,
				D95FA33A2FDA1F6D00F94B03 /* Persistence */,
				D90627A42FDA051A00A74A9B /* Extensions */,
				D90627A72FDA057E00A74A9B /* Utils */,
			);
			path = Core;
			sourceTree = "<group>";
		};
		D90627A42FDA051A00A74A9B /* Extensions */ = {
			isa = PBXGroup;
			children = (
				D90627B22FDA08B400A74A9B /* Color+Extensions.swift */,
				D90627B32FDA08B400A74A9B /* Date+Extensions.swift */,
				D90627B52FDA08B400A74A9B /* Double+Extensions.swift */,
				D90627B42FDA08B400A74A9B /* WeatherTheme.swift */,
				D9584F8A2FDAA7AA00DDFBF4 /* CustomTransition.swift */,
			);
			path = Extensions;
			sourceTree = "<group>";
		};
		D90627A52FDA056600A74A9B /* DI */ = {
			isa = PBXGroup;
			children = (
				D94A26022FDA3E69002C80AB /* DIContainer.swift */,
			);
			path = DI;
			sourceTree = "<group>";
		};
		D90627A62FDA057600A74A9B /* Network */ = {
			isa = PBXGroup;
			children = (
				D9499D0F2FDA33D000046E67 /* Endpoint.swift */,
				D9499D102FDA33D000046E67 /* NetworkError.swift */,
				D9499D0E2FDA33D000046E67 /* WeatherAPIService.swift */,
			);
			path = Network;
			sourceTree = "<group>";
		};
		D90627A72FDA057E00A74A9B /* Utils */ = {
			isa = PBXGroup;
			children = (
				D9499D322FDA3A8500046E67 /* LocationManager.swift */,
			);
			path = Utils;
			sourceTree = "<group>";
		};
		D90627A82FDA059F00A74A9B /* Data */ = {
			isa = PBXGroup;
			children = (
				D90627AC2FDA067F00A74A9B /* DTOs */,
				D90627B02FDA06C300A74A9B /* RemoteDataSource */,
				D90627AF2FDA06BA00A74A9B /* LocalDataSource */,
				D90627AB2FDA067900A74A9B /* Repositories */,
			);
			path = Data;
			sourceTree = "<group>";
		};
		D90627A92FDA065600A74A9B /* Domain */ = {
			isa = PBXGroup;
			children = (
				D90627AE2FDA06A200A74A9B /* UseCases */,
				D90627AD2FDA068900A74A9B /* Models */,
				D90627AA2FDA067100A74A9B /* Repositories */,
			);
			path = Domain;
			sourceTree = "<group>";
		};
		D90627AA2FDA067100A74A9B /* Repositories */ = {
			isa = PBXGroup;
			children = (
				D95FA3362FDA146100F94B03 /* SearchRepository.swift */,
				D95FA3372FDA146100F94B03 /* WeatherRepository.swift */,
			);
			path = Repositories;
			sourceTree = "<group>";
		};
		D90627AB2FDA067900A74A9B /* Repositories */ = {
			isa = PBXGroup;
			children = (
				D9499D2E2FDA395500046E67 /* WeatherRepositoryImpl.swift */,
				D9499D302FDA396F00046E67 /* SearchRepositoryImpl.swift */,
			);
			path = Repositories;
			sourceTree = "<group>";
		};
		D90627AC2FDA067F00A74A9B /* DTOs */ = {
			isa = PBXGroup;
			children = (
				D9499D1A2FDA359400046E67 /* ConditionDTO.swift */,
				D9499D1E2FDA359500046E67 /* CurrentDTO.swift */,
				D9499D1B2FDA359500046E67 /* DayDTO.swift */,
				D9499D192FDA359400046E67 /* ForecastDayDTO.swift */,
				D9499D1C2FDA359500046E67 /* HourDTO.swift */,
				D9499D1D2FDA359500046E67 /* LocationDTO.swift */,
				D9499D182FDA359300046E67 /* SearchResultDTO.swift */,
				D9499D1F2FDA359500046E67 /* WeatherResponseDTO.swift */,
			);
			path = DTOs;
			sourceTree = "<group>";
		};
		D90627AD2FDA068900A74A9B /* Models */ = {
			isa = PBXGroup;
			children = (
				D95FA3302FDA109700F94B03 /* CityLocation.swift */,
				D95FA3312FDA109700F94B03 /* SavedLocation.swift */,
				D95FA3322FDA109700F94B03 /* WeatherBundle.swift */,
				D95FA3292FDA106600F94B03 /* CurrentWeather.swift */,
				D95FA32A2FDA106600F94B03 /* DailyWeather.swift */,
				D95FA32B2FDA106600F94B03 /* HourlyWeather.swift */,
				D95FA3282FDA106600F94B03 /* WeatherCondition.swift */,
			);
			path = Models;
			sourceTree = "<group>";
		};
		D90627AE2FDA06A200A74A9B /* UseCases */ = {
			isa = PBXGroup;
			children = (
				D94A25FA2FDA3D87002C80AB /* CheckIfSavedUseCase.swift */,
				D94A25F62FDA3D87002C80AB /* GetCurrentLocationWeatherUseCase.swift */,
				D94A25F52FDA3D87002C80AB /* GetSavedLocationsUseCase.swift */,
				D94A25F82FDA3D87002C80AB /* GetWeatherForLocationUseCase.swift */,
				D94A25F72FDA3D87002C80AB /* RemoveLocationUseCase.swift */,
				D94A25F42FDA3D87002C80AB /* SaveLocationUseCase.swift */,
				D94A25F92FDA3D87002C80AB /* SearchCitiesUseCase.swift */,
			);
			path = UseCases;
			sourceTree = "<group>";
		};
		D90627AF2FDA06BA00A74A9B /* LocalDataSource */ = {
			isa = PBXGroup;
			children = (
				D9499D2A2FDA386C00046E67 /* WeatherLocalDataSource.swift */,
				D9499D2C2FDA387500046E67 /* WeatherLocalDataSourceImpl.swift */,
			);
			path = LocalDataSource;
			sourceTree = "<group>";
		};
		D90627B02FDA06C300A74A9B /* RemoteDataSource */ = {
			isa = PBXGroup;
			children = (
				D9499D142FDA355F00046E67 /* WeatherRemoteDataSource.swift */,
				D9499D162FDA357000046E67 /* WeatherRemoteDataSourceImpl.swift */,
			);
			path = RemoteDataSource;
			sourceTree = "<group>";
		};
		D90627B12FDA06F700A74A9B /* Presentation */ = {
			isa = PBXGroup;
			children = (
				D9B255302FDB4A5400C354C1 /* Splash */,
				D9B255272FDB350900C354C1 /* SavedLocations */,
				D9B255162FDB169100C354C1 /* WeatherDetails */,
				D9B255092FDB0D6C00C354C1 /* Search */,
				D9584F7A2FDA8F5200DDFBF4 /* Home */,
			);
			path = Presentation;
			sourceTree = "<group>";
		};
		D9584F7A2FDA8F5200DDFBF4 /* Home */ = {
			isa = PBXGroup;
			children = (
				D9584F7E2FDA905C00DDFBF4 /* ViewModel */,
				D9584F7F2FDA906800DDFBF4 /* View */,
			);
			path = Home;
			sourceTree = "<group>";
		};
		D9584F7E2FDA905C00DDFBF4 /* ViewModel */ = {
			isa = PBXGroup;
			children = (
				D9584F7C2FDA8F8F00DDFBF4 /* HomeViewModel.swift */,
			);
			path = ViewModel;
			sourceTree = "<group>";
		};
		D9584F7F2FDA906800DDFBF4 /* View */ = {
			isa = PBXGroup;
			children = (
				D9584F842FDA927700DDFBF4 /* HomeView.swift */,
				D9584F862FDA927700DDFBF4 /* HourlyRowView.swift */,
				D9584F852FDA927700DDFBF4 /* HourlyView.swift */,
				D9584F802FDA91FA00DDFBF4 /* HomeBackgrounds.swift */,
				D9584F812FDA91FA00DDFBF4 /* HomeComponents.swift */,
			);
			path = View;
			sourceTree = "<group>";
		};
		D95FA33A2FDA1F6D00F94B03 /* Persistence */ = {
			isa = PBXGroup;
			children = (
				D95FA33C2FDA206300F94B03 /* CoreDataManager.swift */,
				D95FA33B2FDA206300F94B03 /* Persistence.swift */,
			);
			path = Persistence;
			sourceTree = "<group>";
		};
		D9B255092FDB0D6C00C354C1 /* Search */ = {
			isa = PBXGroup;
			children = (
				D9B2550B2FDB0D7C00C354C1 /* View */,
				D9B2550A2FDB0D7400C354C1 /* ViewModel */,
			);
			path = Search;
			sourceTree = "<group>";
		};
		D9B2550A2FDB0D7400C354C1 /* ViewModel */ = {
			isa = PBXGroup;
			children = (
				D9B2550C2FDB0D9300C354C1 /* SearchViewModel.swift */,
			);
			path = ViewModel;
			sourceTree = "<group>";
		};
		D9B2550B2FDB0D7C00C354C1 /* View */ = {
			isa = PBXGroup;
			children = (
				D9B2550E2FDB0E0200C354C1 /* SearchView.swift */,
				D9B255102FDB11CF00C354C1 /* SearchBarView.swift */,
				D9B255122FDB11EF00C354C1 /* FeaturedCitiesSection.swift */,
				D9B255142FDB11FB00C354C1 /* FeaturedCityCard.swift */,
				D9B255232FDB328F00C354C1 /* SearchResultRowView.swift */,
				D9B255252FDB32AF00C354C1 /* SearchResultsSection.swift */,
			);
			path = View;
			sourceTree = "<group>";
		};
		D9B255162FDB169100C354C1 /* WeatherDetails */ = {
			isa = PBXGroup;
			children = (
				D9B255182FDB16B100C354C1 /* View */,
				D9B255172FDB16AA00C354C1 /* ViewModel */,
			);
			path = WeatherDetails;
			sourceTree = "<group>";
		};
		D9B255172FDB16AA00C354C1 /* ViewModel */ = {
			isa = PBXGroup;
			children = (
				D9B255192FDB16CF00C354C1 /* WeatherDetailsViewModel.swift */,
			);
			path = ViewModel;
			sourceTree = "<group>";
		};
		D9B255182FDB16B100C354C1 /* View */ = {
			isa = PBXGroup;
			children = (
				D9B2551B2FDB173600C354C1 /* WeatherDetailsView.swift */,
			);
			path = View;
			sourceTree = "<group>";
		};
		D9B255272FDB350900C354C1 /* SavedLocations */ = {
			isa = PBXGroup;
			children = (
				D9B255292FDB352100C354C1 /* View */,
				D9B255282FDB351A00C354C1 /* ViewModel */,
			);
			path = SavedLocations;
			sourceTree = "<group>";
		};
		D9B255282FDB351A00C354C1 /* ViewModel */ = {
			isa = PBXGroup;
			children = (
				D9B2552A2FDB354700C354C1 /* SavedLocationsViewModel.swift */,
			);
			path = ViewModel;
			sourceTree = "<group>";
		};
		D9B255292FDB352100C354C1 /* View */ = {
			isa = PBXGroup;
			children = (
				D9B2552C2FDB356F00C354C1 /* SavedLocationsView.swift */,
				D9B2552E2FDB359D00C354C1 /* SavedLocationRowView.swift */,
			);
			path = View;
			sourceTree = "<group>";
		};
		D9B255302FDB4A5400C354C1 /* Splash */ = {
			isa = PBXGroup;
			children = (
				D9B255312FDB4B2200C354C1 /* SplashView.swift */,
			);
			path = Splash;
			sourceTree = "<group>";
		};
		D9EFEBBF2FD8B0940062A7FB = {
			isa = PBXGroup;
			children = (
				D9EFEBCA2FD8B0940062A7FB /* WeatherCast */,
				D9EFEBE02FD8B0A70062A7FB /* WeatherCastTests */,
				D9EFEBEA2FD8B0A70062A7FB /* WeatherCastUITests */,
				D9EFEBC92FD8B0940062A7FB /* Products */,
			);
			sourceTree = "<group>";
		};
		D9EFEBC92FD8B0940062A7FB /* Products */ = {
			isa = PBXGroup;
			children = (
				D9EFEBC82FD8B0940062A7FB /* WeatherCast.app */,
				D9EFEBDD2FD8B0A70062A7FB /* WeatherCastTests.xctest */,
				D9EFEBE72FD8B0A70062A7FB /* WeatherCastUITests.xctest */,
			);
			name = Products;
			sourceTree = "<group>";
		};
		D9EFEBCA2FD8B0940062A7FB /* WeatherCast */ = {
			isa = PBXGroup;
			children = (
				D9584F792FDA468A00DDFBF4 /* Info.plist */,
				D90627A22FDA050E00A74A9B /* App */,
				D90627A32FDA051300A74A9B /* Core */,
				D90627A82FDA059F00A74A9B /* Data */,
				D90627A92FDA065600A74A9B /* Domain */,
				D90627B12FDA06F700A74A9B /* Presentation */,
				D9EFEBCF2FD8B0A50062A7FB /* Assets.xcassets */,
				D9EFEBD62FD8B0A60062A7FB /* WeatherCast.xcdatamodeld */,
				D9EFEBD12FD8B0A50062A7FB /* Preview Content */,
			);
			path = WeatherCast;
			sourceTree = "<group>";
		};
		D9EFEBD12FD8B0A50062A7FB /* Preview Content */ = {
			isa = PBXGroup;
			children = (
				D9EFEBD22FD8B0A50062A7FB /* Preview Assets.xcassets */,
			);
			path = "Preview Content";
			sourceTree = "<group>";
		};
		D9EFEBE02FD8B0A70062A7FB /* WeatherCastTests */ = {
			isa = PBXGroup;
			children = (
				D9EFEBE12FD8B0A70062A7FB /* WeatherCastTests.swift */,
			);
			path = WeatherCastTests;
			sourceTree = "<group>";
		};
		D9EFEBEA2FD8B0A70062A7FB /* WeatherCastUITests */ = {
			isa = PBXGroup;
			children = (
				D9EFEBEB2FD8B0A70062A7FB /* WeatherCastUITests.swift */,
				D9EFEBED2FD8B0A70062A7FB /* WeatherCastUITestsLaunchTests.swift */,
			);
			path = WeatherCastUITests;
			sourceTree = "<group>";
		};
/* End PBXGroup section */

/* Begin PBXNativeTarget section */
		D9EFEBC72FD8B0940062A7FB /* WeatherCast */ = {
			isa = PBXNativeTarget;
			buildConfigurationList = D9EFEBF12FD8B0A70062A7FB /* Build configuration list for PBXNativeTarget "WeatherCast" */;
			buildPhases = (
				D9EFEBC42FD8B0940062A7FB /* Sources */,
				D9EFEBC52FD8B0940062A7FB /* Frameworks */,
				D9EFEBC62FD8B0940062A7FB /* Resources */,
			);
			buildRules = (
			);
			dependencies = (
			);
			name = WeatherCast;
			productName = WeatherCast;
			productReference = D9EFEBC82FD8B0940062A7FB /* WeatherCast.app */;
			productType = "com.apple.product-type.application";
		};
		D9EFEBDC2FD8B0A70062A7FB /* WeatherCastTests */ = {
			isa = PBXNativeTarget;
			buildConfigurationList = D9EFEBF42FD8B0A70062A7FB /* Build configuration list for PBXNativeTarget "WeatherCastTests" */;
			buildPhases = (
				D9EFEBD92FD8B0A70062A7FB /* Sources */,
				D9EFEBDA2FD8B0A70062A7FB /* Frameworks */,
				D9EFEBDB2FD8B0A70062A7FB /* Resources */,
			);
			buildRules = (
			);
			dependencies = (
				D9EFEBDF2FD8B0A70062A7FB /* PBXTargetDependency */,
			);
			name = WeatherCastTests;
			productName = WeatherCastTests;
			productReference = D9EFEBDD2FD8B0A70062A7FB /* WeatherCastTests.xctest */;
			productType = "com.apple.product-type.bundle.unit-test";
		};
		D9EFEBE62FD8B0A70062A7FB /* WeatherCastUITests */ = {
			isa = PBXNativeTarget;
			buildConfigurationList = D9EFEBF72FD8B0A70062A7FB /* Build configuration list for PBXNativeTarget "WeatherCastUITests" */;
			buildPhases = (
				D9EFEBE32FD8B0A70062A7FB /* Sources */,
				D9EFEBE42FD8B0A70062A7FB /* Frameworks */,
				D9EFEBE52FD8B0A70062A7FB /* Resources */,
			);
			buildRules = (
			);
			dependencies = (
				D9EFEBE92FD8B0A70062A7FB /* PBXTargetDependency */,
			);
			name = WeatherCastUITests;
			productName = WeatherCastUITests;
			productReference = D9EFEBE72FD8B0A70062A7FB /* WeatherCastUITests.xctest */;
			productType = "com.apple.product-type.bundle.ui-testing";
		};
/* End PBXNativeTarget section */

/* Begin PBXProject section */
		D9EFEBC02FD8B0940062A7FB /* Project object */ = {
			isa = PBXProject;
			attributes = {
				BuildIndependentTargetsInParallel = 1;
				LastSwiftUpdateCheck = 1410;
				LastUpgradeCheck = 1410;
				TargetAttributes = {
					D9EFEBC72FD8B0940062A7FB = {
						CreatedOnToolsVersion = 14.1;
					};
					D9EFEBDC2FD8B0A70062A7FB = {
						CreatedOnToolsVersion = 14.1;
						TestTargetID = D9EFEBC72FD8B0940062A7FB;
					};
					D9EFEBE62FD8B0A70062A7FB = {
						CreatedOnToolsVersion = 14.1;
						TestTargetID = D9EFEBC72FD8B0940062A7FB;
					};
				};
			};
			buildConfigurationList = D9EFEBC32FD8B0940062A7FB /* Build configuration list for PBXProject "WeatherCast" */;
			compatibilityVersion = "Xcode 14.0";
			developmentRegion = en;
			hasScannedForEncodings = 0;
			knownRegions = (
				en,
				Base,
			);
			mainGroup = D9EFEBBF2FD8B0940062A7FB;
			productRefGroup = D9EFEBC92FD8B0940062A7FB /* Products */;
			projectDirPath = "";
			projectRoot = "";
			targets = (
				D9EFEBC72FD8B0940062A7FB /* WeatherCast */,
				D9EFEBDC2FD8B0A70062A7FB /* WeatherCastTests */,
				D9EFEBE62FD8B0A70062A7FB /* WeatherCastUITests */,
			);
		};
/* End PBXProject section */

/* Begin PBXResourcesBuildPhase section */
		D9EFEBC62FD8B0940062A7FB /* Resources */ = {
			isa = PBXResourcesBuildPhase;
			buildActionMask = 2147483647;
			files = (
				D9EFEBD32FD8B0A50062A7FB /* Preview Assets.xcassets in Resources */,
				D9EFEBD02FD8B0A50062A7FB /* Assets.xcassets in Resources */,
			);
			runOnlyForDeploymentPostprocessing = 0;
		};
		D9EFEBDB2FD8B0A70062A7FB /* Resources */ = {
			isa = PBXResourcesBuildPhase;
			buildActionMask = 2147483647;
			files = (
			);
			runOnlyForDeploymentPostprocessing = 0;
		};
		D9EFEBE52FD8B0A70062A7FB /* Resources */ = {
			isa = PBXResourcesBuildPhase;
			buildActionMask = 2147483647;
			files = (
			);
			runOnlyForDeploymentPostprocessing = 0;
		};
/* End PBXResourcesBuildPhase section */

/* Begin PBXSourcesBuildPhase section */
		D9EFEBC42FD8B0940062A7FB /* Sources */ = {
			isa = PBXSourcesBuildPhase;
			buildActionMask = 2147483647;
			files = (
				D94A26012FDA3D87002C80AB /* CheckIfSavedUseCase.swift in Sources */,
				D94A25FF2FDA3D87002C80AB /* GetWeatherForLocationUseCase.swift in Sources */,
				D90627B92FDA08B400A74A9B /* Double+Extensions.swift in Sources */,
				D95FA3332FDA109700F94B03 /* CityLocation.swift in Sources */,
				D9584F882FDA927700DDFBF4 /* HourlyView.swift in Sources */,
				D9B2552D2FDB356F00C354C1 /* SavedLocationsView.swift in Sources */,
				D95FA33D2FDA206300F94B03 /* Persistence.swift in Sources */,
				D9499D312FDA396F00046E67 /* SearchRepositoryImpl.swift in Sources */,
				D9499D152FDA355F00046E67 /* WeatherRemoteDataSource.swift in Sources */,
				D9584F892FDA927700DDFBF4 /* HourlyRowView.swift in Sources */,
				D9499D272FDA359500046E67 /* WeatherResponseDTO.swift in Sources */,
				D90627B82FDA08B400A74A9B /* WeatherTheme.swift in Sources */,
				D94A25FB2FDA3D87002C80AB /* SaveLocationUseCase.swift in Sources */,
				D9B2552F2FDB359D00C354C1 /* SavedLocationRowView.swift in Sources */,
				D9499D242FDA359500046E67 /* HourDTO.swift in Sources */,
				D9499D332FDA3A8500046E67 /* LocationManager.swift in Sources */,
				D9B2552B2FDB354700C354C1 /* SavedLocationsViewModel.swift in Sources */,
				D9B255152FDB11FB00C354C1 /* FeaturedCityCard.swift in Sources */,
				D94A26032FDA3E69002C80AB /* DIContainer.swift in Sources */,
				D9B255242FDB328F00C354C1 /* SearchResultRowView.swift in Sources */,
				D90627B62FDA08B400A74A9B /* Color+Extensions.swift in Sources */,
				D95FA3352FDA109700F94B03 /* WeatherBundle.swift in Sources */,
				D9B2550F2FDB0E0200C354C1 /* SearchView.swift in Sources */,
				D95FA33E2FDA206300F94B03 /* CoreDataManager.swift in Sources */,
				D9B2550D2FDB0D9300C354C1 /* SearchViewModel.swift in Sources */,
				D9499D2F2FDA395500046E67 /* WeatherRepositoryImpl.swift in Sources */,
				D94A25FE2FDA3D87002C80AB /* RemoveLocationUseCase.swift in Sources */,
				D9B2551A2FDB16CF00C354C1 /* WeatherDetailsViewModel.swift in Sources */,
				D9499D232FDA359500046E67 /* DayDTO.swift in Sources */,
				D95FA32C2FDA106600F94B03 /* WeatherCondition.swift in Sources */,
				D95FA3392FDA146100F94B03 /* WeatherRepository.swift in Sources */,
				D9499D112FDA33D000046E67 /* WeatherAPIService.swift in Sources */,
				D94A26002FDA3D87002C80AB /* SearchCitiesUseCase.swift in Sources */,
				D9499D212FDA359500046E67 /* ForecastDayDTO.swift in Sources */,
				D95FA3382FDA146100F94B03 /* SearchRepository.swift in Sources */,
				D9499D202FDA359500046E67 /* SearchResultDTO.swift in Sources */,
				D9584F822FDA91FA00DDFBF4 /* HomeBackgrounds.swift in Sources */,
				D94A25FC2FDA3D87002C80AB /* GetSavedLocationsUseCase.swift in Sources */,
				D95FA3342FDA109700F94B03 /* SavedLocation.swift in Sources */,
				D9584F7D2FDA8F8F00DDFBF4 /* HomeViewModel.swift in Sources */,
				D9499D172FDA357000046E67 /* WeatherRemoteDataSourceImpl.swift in Sources */,
				D9499D252FDA359500046E67 /* LocationDTO.swift in Sources */,
				D95FA32E2FDA106600F94B03 /* DailyWeather.swift in Sources */,
				D9499D222FDA359500046E67 /* ConditionDTO.swift in Sources */,
				D9B2551C2FDB173600C354C1 /* WeatherDetailsView.swift in Sources */,
				D9EFEBCE2FD8B0940062A7FB /* ContentView.swift in Sources */,
				D9584F832FDA91FA00DDFBF4 /* HomeComponents.swift in Sources */,
				D9499D122FDA33D000046E67 /* Endpoint.swift in Sources */,
				D9499D132FDA33D000046E67 /* NetworkError.swift in Sources */,
				D9B255322FDB4B2200C354C1 /* SplashView.swift in Sources */,
				D9B255262FDB32AF00C354C1 /* SearchResultsSection.swift in Sources */,
				D9499D2D2FDA387500046E67 /* WeatherLocalDataSourceImpl.swift in Sources */,
				D95FA32D2FDA106600F94B03 /* CurrentWeather.swift in Sources */,
				D9EFEBCC2FD8B0940062A7FB /* WeatherCastApp.swift in Sources */,
				D95FA32F2FDA106600F94B03 /* HourlyWeather.swift in Sources */,
				D9B255112FDB11CF00C354C1 /* SearchBarView.swift in Sources */,
				D9EFEBD82FD8B0A60062A7FB /* WeatherCast.xcdatamodeld in Sources */,
				D9499D2B2FDA386C00046E67 /* WeatherLocalDataSource.swift in Sources */,
				D9584F8B2FDAA7AA00DDFBF4 /* CustomTransition.swift in Sources */,
				D90627B72FDA08B400A74A9B /* Date+Extensions.swift in Sources */,
				D9B255132FDB11EF00C354C1 /* FeaturedCitiesSection.swift in Sources */,
				D9584F872FDA927700DDFBF4 /* HomeView.swift in Sources */,
				D94A25FD2FDA3D87002C80AB /* GetCurrentLocationWeatherUseCase.swift in Sources */,
				D9499D262FDA359500046E67 /* CurrentDTO.swift in Sources */,
			);
			runOnlyForDeploymentPostprocessing = 0;
		};
		D9EFEBD92FD8B0A70062A7FB /* Sources */ = {
			isa = PBXSourcesBuildPhase;
			buildActionMask = 2147483647;
			files = (
				D9EFEBE22FD8B0A70062A7FB /* WeatherCastTests.swift in Sources */,
			);
			runOnlyForDeploymentPostprocessing = 0;
		};
		D9EFEBE32FD8B0A70062A7FB /* Sources */ = {
			isa = PBXSourcesBuildPhase;
			buildActionMask = 2147483647;
			files = (
				D9EFEBEE2FD8B0A70062A7FB /* WeatherCastUITestsLaunchTests.swift in Sources */,
				D9EFEBEC2FD8B0A70062A7FB /* WeatherCastUITests.swift in Sources */,
			);
			runOnlyForDeploymentPostprocessing = 0;
		};
/* End PBXSourcesBuildPhase section */

/* Begin PBXTargetDependency section */
		D9EFEBDF2FD8B0A70062A7FB /* PBXTargetDependency */ = {
			isa = PBXTargetDependency;
			target = D9EFEBC72FD8B0940062A7FB /* WeatherCast */;
			targetProxy = D9EFEBDE2FD8B0A70062A7FB /* PBXContainerItemProxy */;
		};
		D9EFEBE92FD8B0A70062A7FB /* PBXTargetDependency */ = {
			isa = PBXTargetDependency;
			target = D9EFEBC72FD8B0940062A7FB /* WeatherCast */;
			targetProxy = D9EFEBE82FD8B0A70062A7FB /* PBXContainerItemProxy */;
		};
/* End PBXTargetDependency section */

/* Begin XCBuildConfiguration section */
		D9EFEBEF2FD8B0A70062A7FB /* Debug */ = {
			isa = XCBuildConfiguration;
			buildSettings = {
				ALWAYS_SEARCH_USER_PATHS = NO;
				CLANG_ANALYZER_NONNULL = YES;
				CLANG_ANALYZER_NUMBER_OBJECT_CONVERSION = YES_AGGRESSIVE;
				CLANG_CXX_LANGUAGE_STANDARD = "gnu++20";
				CLANG_ENABLE_MODULES = YES;
				CLANG_ENABLE_OBJC_ARC = YES;
				CLANG_ENABLE_OBJC_WEAK = YES;
				CLANG_WARN_BLOCK_CAPTURE_AUTORELEASING = YES;
				CLANG_WARN_BOOL_CONVERSION = YES;
				CLANG_WARN_COMMA = YES;
				CLANG_WARN_CONSTANT_CONVERSION = YES;
				CLANG_WARN_DEPRECATED_OBJC_IMPLEMENTATIONS = YES;
				CLANG_WARN_DIRECT_OBJC_ISA_USAGE = YES_ERROR;
				CLANG_WARN_DOCUMENTATION_COMMENTS = YES;
				CLANG_WARN_EMPTY_BODY = YES;
				CLANG_WARN_ENUM_CONVERSION = YES;
				CLANG_WARN_INFINITE_RECURSION = YES;
				CLANG_WARN_INT_CONVERSION = YES;
				CLANG_WARN_NON_LITERAL_NULL_CONVERSION = YES;
				CLANG_WARN_OBJC_IMPLICIT_RETAIN_SELF = YES;
				CLANG_WARN_OBJC_LITERAL_CONVERSION = YES;
				CLANG_WARN_OBJC_ROOT_CLASS = YES_ERROR;
				CLANG_WARN_QUOTED_INCLUDE_IN_FRAMEWORK_HEADER = YES;
				CLANG_WARN_RANGE_LOOP_ANALYSIS = YES;
				CLANG_WARN_STRICT_PROTOTYPES = YES;
				CLANG_WARN_SUSPICIOUS_MOVE = YES;
				CLANG_WARN_UNGUARDED_AVAILABILITY = YES_AGGRESSIVE;
				CLANG_WARN_UNREACHABLE_CODE = YES;
				CLANG_WARN__DUPLICATE_METHOD_MATCH = YES;
				COPY_PHASE_STRIP = NO;
				DEBUG_INFORMATION_FORMAT = dwarf;
				ENABLE_STRICT_OBJC_MSGSEND = YES;
				ENABLE_TESTABILITY = YES;
				GCC_C_LANGUAGE_STANDARD = gnu11;
				GCC_DYNAMIC_NO_PIC = NO;
				GCC_NO_COMMON_BLOCKS = YES;
				GCC_OPTIMIZATION_LEVEL = 0;
				GCC_PREPROCESSOR_DEFINITIONS = (
					"DEBUG=1",
					"$(inherited)",
				);
				GCC_WARN_64_TO_32_BIT_CONVERSION = YES;
				GCC_WARN_ABOUT_RETURN_TYPE = YES_ERROR;
				GCC_WARN_UNDECLARED_SELECTOR = YES;
				GCC_WARN_UNINITIALIZED_AUTOS = YES_AGGRESSIVE;
				GCC_WARN_UNUSED_FUNCTION = YES;
				GCC_WARN_UNUSED_VARIABLE = YES;
				IPHONEOS_DEPLOYMENT_TARGET = 16.1;
				MTL_ENABLE_DEBUG_INFO = INCLUDE_SOURCE;
				MTL_FAST_MATH = YES;
				ONLY_ACTIVE_ARCH = YES;
				SDKROOT = iphoneos;
				SWIFT_ACTIVE_COMPILATION_CONDITIONS = DEBUG;
				SWIFT_OPTIMIZATION_LEVEL = "-Onone";
			};
			name = Debug;
		};
		D9EFEBF02FD8B0A70062A7FB /* Release */ = {
			isa = XCBuildConfiguration;
			buildSettings = {
				ALWAYS_SEARCH_USER_PATHS = NO;
				CLANG_ANALYZER_NONNULL = YES;
				CLANG_ANALYZER_NUMBER_OBJECT_CONVERSION = YES_AGGRESSIVE;
				CLANG_CXX_LANGUAGE_STANDARD = "gnu++20";
				CLANG_ENABLE_MODULES = YES;
				CLANG_ENABLE_OBJC_ARC = YES;
				CLANG_ENABLE_OBJC_WEAK = YES;
				CLANG_WARN_BLOCK_CAPTURE_AUTORELEASING = YES;
				CLANG_WARN_BOOL_CONVERSION = YES;
				CLANG_WARN_COMMA = YES;
				CLANG_WARN_CONSTANT_CONVERSION = YES;
				CLANG_WARN_DEPRECATED_OBJC_IMPLEMENTATIONS = YES;
				CLANG_WARN_DIRECT_OBJC_ISA_USAGE = YES_ERROR;
				CLANG_WARN_DOCUMENTATION_COMMENTS = YES;
				CLANG_WARN_EMPTY_BODY = YES;
				CLANG_WARN_ENUM_CONVERSION = YES;
				CLANG_WARN_INFINITE_RECURSION = YES;
				CLANG_WARN_INT_CONVERSION = YES;
				CLANG_WARN_NON_LITERAL_NULL_CONVERSION = YES;
				CLANG_WARN_OBJC_IMPLICIT_RETAIN_SELF = YES;
				CLANG_WARN_OBJC_LITERAL_CONVERSION = YES;
				CLANG_WARN_OBJC_ROOT_CLASS = YES_ERROR;
				CLANG_WARN_QUOTED_INCLUDE_IN_FRAMEWORK_HEADER = YES;
				CLANG_WARN_RANGE_LOOP_ANALYSIS = YES;
				CLANG_WARN_STRICT_PROTOTYPES = YES;
				CLANG_WARN_SUSPICIOUS_MOVE = YES;
				CLANG_WARN_UNGUARDED_AVAILABILITY = YES_AGGRESSIVE;
				CLANG_WARN_UNREACHABLE_CODE = YES;
				CLANG_WARN__DUPLICATE_METHOD_MATCH = YES;
				COPY_PHASE_STRIP = NO;
				DEBUG_INFORMATION_FORMAT = "dwarf-with-dsym";
				ENABLE_NS_ASSERTIONS = NO;
				ENABLE_STRICT_OBJC_MSGSEND = YES;
				GCC_C_LANGUAGE_STANDARD = gnu11;
				GCC_NO_COMMON_BLOCKS = YES;
				GCC_WARN_64_TO_32_BIT_CONVERSION = YES;
				GCC_WARN_ABOUT_RETURN_TYPE = YES_ERROR;
				GCC_WARN_UNDECLARED_SELECTOR = YES;
				GCC_WARN_UNINITIALIZED_AUTOS = YES_AGGRESSIVE;
				GCC_WARN_UNUSED_FUNCTION = YES;
				GCC_WARN_UNUSED_VARIABLE = YES;
				IPHONEOS_DEPLOYMENT_TARGET = 16.1;
				MTL_ENABLE_DEBUG_INFO = NO;
				MTL_FAST_MATH = YES;
				SDKROOT = iphoneos;
				SWIFT_COMPILATION_MODE = wholemodule;
				SWIFT_OPTIMIZATION_LEVEL = "-O";
				VALIDATE_PRODUCT = YES;
			};
			name = Release;
		};
		D9EFEBF22FD8B0A70062A7FB /* Debug */ = {
			isa = XCBuildConfiguration;
			buildSettings = {
				ASSETCATALOG_COMPILER_APPICON_NAME = AppIcon;
				ASSETCATALOG_COMPILER_GLOBAL_ACCENT_COLOR_NAME = AccentColor;
				CODE_SIGN_STYLE = Automatic;
				CURRENT_PROJECT_VERSION = 1;
				DEVELOPMENT_ASSET_PATHS = "\"WeatherCast/Preview Content\"";
				ENABLE_PREVIEWS = YES;
				GENERATE_INFOPLIST_FILE = YES;
				INFOPLIST_FILE = WeatherCast/Info.plist;
				INFOPLIST_KEY_CFBundleDisplayName = "";
				INFOPLIST_KEY_LSApplicationCategoryType = "";
				INFOPLIST_KEY_NSLocationWhenInUseUsageDescription = "WeatherCast uses your location to show real-time local weather.";
				INFOPLIST_KEY_UIApplicationSceneManifest_Generation = YES;
				INFOPLIST_KEY_UIApplicationSupportsIndirectInputEvents = YES;
				INFOPLIST_KEY_UILaunchScreen_Generation = YES;
				INFOPLIST_KEY_UISupportedInterfaceOrientations_iPad = "UIInterfaceOrientationPortrait UIInterfaceOrientationPortraitUpsideDown UIInterfaceOrientationLandscapeLeft UIInterfaceOrientationLandscapeRight";
				INFOPLIST_KEY_UISupportedInterfaceOrientations_iPhone = "UIInterfaceOrientationPortrait UIInterfaceOrientationLandscapeLeft UIInterfaceOrientationLandscapeRight";
				LD_RUNPATH_SEARCH_PATHS = (
					"$(inherited)",
					"@executable_path/Frameworks",
				);
				MARKETING_VERSION = 1.0;
				PRODUCT_BUNDLE_IDENTIFIER = ITI.WeatherCast;
				PRODUCT_NAME = "$(TARGET_NAME)";
				SWIFT_EMIT_LOC_STRINGS = YES;
				SWIFT_VERSION = 5.0;
				TARGETED_DEVICE_FAMILY = "1,2";
			};
			name = Debug;
		};
		D9EFEBF32FD8B0A70062A7FB /* Release */ = {
			isa = XCBuildConfiguration;
			buildSettings = {
				ASSETCATALOG_COMPILER_APPICON_NAME = AppIcon;
				ASSETCATALOG_COMPILER_GLOBAL_ACCENT_COLOR_NAME = AccentColor;
				CODE_SIGN_STYLE = Automatic;
				CURRENT_PROJECT_VERSION = 1;
				DEVELOPMENT_ASSET_PATHS = "\"WeatherCast/Preview Content\"";
				ENABLE_PREVIEWS = YES;
				GENERATE_INFOPLIST_FILE = YES;
				INFOPLIST_FILE = WeatherCast/Info.plist;
				INFOPLIST_KEY_CFBundleDisplayName = "";
				INFOPLIST_KEY_LSApplicationCategoryType = "";
				INFOPLIST_KEY_NSLocationWhenInUseUsageDescription = "WeatherCast uses your location to show real-time local weather.";
				INFOPLIST_KEY_UIApplicationSceneManifest_Generation = YES;
				INFOPLIST_KEY_UIApplicationSupportsIndirectInputEvents = YES;
				INFOPLIST_KEY_UILaunchScreen_Generation = YES;
				INFOPLIST_KEY_UISupportedInterfaceOrientations_iPad = "UIInterfaceOrientationPortrait UIInterfaceOrientationPortraitUpsideDown UIInterfaceOrientationLandscapeLeft UIInterfaceOrientationLandscapeRight";
				INFOPLIST_KEY_UISupportedInterfaceOrientations_iPhone = "UIInterfaceOrientationPortrait UIInterfaceOrientationLandscapeLeft UIInterfaceOrientationLandscapeRight";
				LD_RUNPATH_SEARCH_PATHS = (
					"$(inherited)",
					"@executable_path/Frameworks",
				);
				MARKETING_VERSION = 1.0;
				PRODUCT_BUNDLE_IDENTIFIER = ITI.WeatherCast;
				PRODUCT_NAME = "$(TARGET_NAME)";
				SWIFT_EMIT_LOC_STRINGS = YES;
				SWIFT_VERSION = 5.0;
				TARGETED_DEVICE_FAMILY = "1,2";
			};
			name = Release;
		};
		D9EFEBF52FD8B0A70062A7FB /* Debug */ = {
			isa = XCBuildConfiguration;
			buildSettings = {
				ALWAYS_EMBED_SWIFT_STANDARD_LIBRARIES = YES;
				BUNDLE_LOADER = "$(TEST_HOST)";
				CODE_SIGN_STYLE = Automatic;
				CURRENT_PROJECT_VERSION = 1;
				GENERATE_INFOPLIST_FILE = YES;
				IPHONEOS_DEPLOYMENT_TARGET = 16.1;
				MARKETING_VERSION = 1.0;
				PRODUCT_BUNDLE_IDENTIFIER = ITI.WeatherCastTests;
				PRODUCT_NAME = "$(TARGET_NAME)";
				SWIFT_EMIT_LOC_STRINGS = NO;
				SWIFT_VERSION = 5.0;
				TARGETED_DEVICE_FAMILY = "1,2";
				TEST_HOST = "$(BUILT_PRODUCTS_DIR)/WeatherCast.app/$(BUNDLE_EXECUTABLE_FOLDER_PATH)/WeatherCast";
			};
			name = Debug;
		};
		D9EFEBF62FD8B0A70062A7FB /* Release */ = {
			isa = XCBuildConfiguration;
			buildSettings = {
				ALWAYS_EMBED_SWIFT_STANDARD_LIBRARIES = YES;
				BUNDLE_LOADER = "$(TEST_HOST)";
				CODE_SIGN_STYLE = Automatic;
				CURRENT_PROJECT_VERSION = 1;
				GENERATE_INFOPLIST_FILE = YES;
				IPHONEOS_DEPLOYMENT_TARGET = 16.1;
				MARKETING_VERSION = 1.0;
				PRODUCT_BUNDLE_IDENTIFIER = ITI.WeatherCastTests;
				PRODUCT_NAME = "$(TARGET_NAME)";
				SWIFT_EMIT_LOC_STRINGS = NO;
				SWIFT_VERSION = 5.0;
				TARGETED_DEVICE_FAMILY = "1,2";
				TEST_HOST = "$(BUILT_PRODUCTS_DIR)/WeatherCast.app/$(BUNDLE_EXECUTABLE_FOLDER_PATH)/WeatherCast";
			};
			name = Release;
		};
		D9EFEBF82FD8B0A70062A7FB /* Debug */ = {
			isa = XCBuildConfiguration;
			buildSettings = {
				ALWAYS_EMBED_SWIFT_STANDARD_LIBRARIES = YES;
				CODE_SIGN_STYLE = Automatic;
				CURRENT_PROJECT_VERSION = 1;
				GENERATE_INFOPLIST_FILE = YES;
				MARKETING_VERSION = 1.0;
				PRODUCT_BUNDLE_IDENTIFIER = ITI.WeatherCastUITests;
				PRODUCT_NAME = "$(TARGET_NAME)";
				SWIFT_EMIT_LOC_STRINGS = NO;
				SWIFT_VERSION = 5.0;
				TARGETED_DEVICE_FAMILY = "1,2";
				TEST_TARGET_NAME = WeatherCast;
			};
			name = Debug;
		};
		D9EFEBF92FD8B0A70062A7FB /* Release */ = {
			isa = XCBuildConfiguration;
			buildSettings = {
				ALWAYS_EMBED_SWIFT_STANDARD_LIBRARIES = YES;
				CODE_SIGN_STYLE = Automatic;
				CURRENT_PROJECT_VERSION = 1;
				GENERATE_INFOPLIST_FILE = YES;
				MARKETING_VERSION = 1.0;
				PRODUCT_BUNDLE_IDENTIFIER = ITI.WeatherCastUITests;
				PRODUCT_NAME = "$(TARGET_NAME)";
				SWIFT_EMIT_LOC_STRINGS = NO;
				SWIFT_VERSION = 5.0;
				TARGETED_DEVICE_FAMILY = "1,2";
				TEST_TARGET_NAME = WeatherCast;
			};
			name = Release;
		};
/* End XCBuildConfiguration section */

/* Begin XCConfigurationList section */
		D9EFEBC32FD8B0940062A7FB /* Build configuration list for PBXProject "WeatherCast" */ = {
			isa = XCConfigurationList;
			buildConfigurations = (
				D9EFEBEF2FD8B0A70062A7FB /* Debug */,
				D9EFEBF02FD8B0A70062A7FB /* Release */,
			);
			defaultConfigurationIsVisible = 0;
			defaultConfigurationName = Release;
		};
		D9EFEBF12FD8B0A70062A7FB /* Build configuration list for PBXNativeTarget "WeatherCast" */ = {
			isa = XCConfigurationList;
			buildConfigurations = (
				D9EFEBF22FD8B0A70062A7FB /* Debug */,
				D9EFEBF32FD8B0A70062A7FB /* Release */,
			);
			defaultConfigurationIsVisible = 0;
			defaultConfigurationName = Release;
		};
		D9EFEBF42FD8B0A70062A7FB /* Build configuration list for PBXNativeTarget "WeatherCastTests" */ = {
			isa = XCConfigurationList;
			buildConfigurations = (
				D9EFEBF52FD8B0A70062A7FB /* Debug */,
				D9EFEBF62FD8B0A70062A7FB /* Release */,
			);
			defaultConfigurationIsVisible = 0;
			defaultConfigurationName = Release;
		};
		D9EFEBF72FD8B0A70062A7FB /* Build configuration list for PBXNativeTarget "WeatherCastUITests" */ = {
			isa = XCConfigurationList;
			buildConfigurations = (
				D9EFEBF82FD8B0A70062A7FB /* Debug */,
				D9EFEBF92FD8B0A70062A7FB /* Release */,
			);
			defaultConfigurationIsVisible = 0;
			defaultConfigurationName = Release;
		};
/* End XCConfigurationList section */

/* Begin XCVersionGroup section */
		D9EFEBD62FD8B0A60062A7FB /* WeatherCast.xcdatamodeld */ = {
			isa = XCVersionGroup;
			children = (
				D9EFEBD72FD8B0A60062A7FB /* WeatherCast.xcdatamodel */,
			);
			currentVersion = D9EFEBD72FD8B0A60062A7FB /* WeatherCast.xcdatamodel */;
			path = WeatherCast.xcdatamodeld;
			sourceTree = "<group>";
			versionGroupType = wrapper.xcdatamodel;
		};
/* End XCVersionGroup section */
	};
	rootObject = D9EFEBC02FD8B0940062A7FB /* Project object */;
}
