// !$*UTF8*$!
{
	archiveVersion = 1;
	classes = {
	};
	objectVersion = 56;
	objects = {

/* Begin PBXBuildFile section */
		D9EFEBCC2FD8B0940062A7FB /* WeatherCastApp.swift in Sources */ = {isa = PBXBuildFile; fileRef = D9EFEBCB2FD8B0940062A7FB /* WeatherCastApp.swift */; };
		D9EFEBCE2FD8B0940062A7FB /* ContentView.swift in Sources */ = {isa = PBXBuildFile; fileRef = D9EFEBCD2FD8B0940062A7FB /* ContentView.swift */; };
		D9EFEBD02FD8B0A50062A7FB /* Assets.xcassets in Resources */ = {isa = PBXBuildFile; fileRef = D9EFEBCF2FD8B0A50062A7FB /* Assets.xcassets */; };
		D9EFEBD32FD8B0A50062A7FB /* Preview Assets.xcassets in Resources */ = {isa = PBXBuildFile; fileRef = D9EFEBD22FD8B0A50062A7FB /* Preview Assets.xcassets */; };
		D9EFEBD52FD8B0A60062A7FB /* Persistence.swift in Sources */ = {isa = PBXBuildFile; fileRef = D9EFEBD42FD8B0A60062A7FB /* Persistence.swift */; };
		D9EFEBD82FD8B0A60062A7FB /* WeatherCast.xcdatamodeld in Sources */ = {isa = PBXBuildFile; fileRef = D9EFEBD62FD8B0A60062A7FB /* WeatherCast.xcdatamodeld */; };
		D9EFEBE22FD8B0A70062A7FB /* WeatherCastTests.swift in Sources */ = {isa = PBXBuildFile; fileRef = D9EFEBE12FD8B0A70062A7FB /* WeatherCastTests.swift */; };
		D9EFEBEC2FD8B0A70062A7FB /* WeatherCastUITests.swift in Sources */ = {isa = PBXBuildFile; fileRef = D9EFEBEB2FD8B0A70062A7FB /* WeatherCastUITests.swift */; };
		D9EFEBEE2FD8B0A70062A7FB /* WeatherCastUITestsLaunchTests.swift in Sources */ = {isa = PBXBuildFile; fileRef = D9EFEBED2FD8B0A70062A7FB /* WeatherCastUITestsLaunchTests.swift */; };
/* End PBXBuildFile section */

/* Begin PBXContainerItemProxy section */
		D9EFEBDE2FD8B0A70062A7FB /* PBXContainerItemProxy */ = {
			isa = PBXContainerItemProxy;
			containerPortal = D9EFEBC02FD8B0940062A7FB /* Project object */;
			proxyType = 1;
			remoteGlobalIDString = D9EFEBC72FD8B0940062A7FB;
			remoteInfo = WeatherCast;
		};
		D9EFEBE82FD8B0A70062A7FB /* PBXContainerItemProxy */ = {
			isa = PBXContainerItemProxy;
			containerPortal = D9EFEBC02FD8B0940062A7FB /* Project object */;
			proxyType = 1;
			remoteGlobalIDString = D9EFEBC72FD8B0940062A7FB;
			remoteInfo = WeatherCast;
		};
/* End PBXContainerItemProxy section */

/* Begin PBXFileReference section */
		D9EFEBC82FD8B0940062A7FB /* WeatherCast.app */ = {isa = PBXFileReference; explicitFileType = wrapper.application; includeInIndex = 0; path = WeatherCast.app; sourceTree = BUILT_PRODUCTS_DIR; };
		D9EFEBCB2FD8B0940062A7FB /* WeatherCastApp.swift */ = {isa = PBXFileReference; lastKnownFileType = sourcecode.swift; path = WeatherCastApp.swift; sourceTree = "<group>"; };
		D9EFEBCD2FD8B0940062A7FB /* ContentView.swift */ = {isa = PBXFileReference; lastKnownFileType = sourcecode.swift; path = ContentView.swift; sourceTree = "<group>"; };
		D9EFEBCF2FD8B0A50062A7FB /* Assets.xcassets */ = {isa = PBXFileReference; lastKnownFileType = folder.assetcatalog; path = Assets.xcassets; sourceTree = "<group>"; };
		D9EFEBD22FD8B0A50062A7FB /* Preview Assets.xcassets */ = {isa = PBXFileReference; lastKnownFileType = folder.assetcatalog; path = "Preview Assets.xcassets"; sourceTree = "<group>"; };
		D9EFEBD42FD8B0A60062A7FB /* Persistence.swift */ = {isa = PBXFileReference; lastKnownFileType = sourcecode.swift; path = Persistence.swift; sourceTree = "<group>"; };
		D9EFEBD72FD8B0A60062A7FB /* WeatherCast.xcdatamodel */ = {isa = PBXFileReference; lastKnownFileType = wrapper.xcdatamodel; path = WeatherCast.xcdatamodel; sourceTree = "<group>"; };
		D9EFEBDD2FD8B0A70062A7FB /* WeatherCastTests.xctest */ = {isa = PBXFileReference; explicitFileType = wrapper.cfbundle; includeInIndex = 0; path = WeatherCastTests.xctest; sourceTree = BUILT_PRODUCTS_DIR; };
		D9EFEBE12FD8B0A70062A7FB /* WeatherCastTests.swift */ = {isa = PBXFileReference; lastKnownFileType = sourcecode.swift; path = WeatherCastTests.swift; sourceTree = "<group>"; };
		D9EFEBE72FD8B0A70062A7FB /* WeatherCastUITests.xctest */ = {isa = PBXFileReference; explicitFileType = wrapper.cfbundle; includeInIndex = 0; path = WeatherCastUITests.xctest; sourceTree = BUILT_PRODUCTS_DIR; };
		D9EFEBEB2FD8B0A70062A7FB /* WeatherCastUITests.swift */ = {isa = PBXFileReference; lastKnownFileType = sourcecode.swift; path = WeatherCastUITests.swift; sourceTree = "<group>"; };
		D9EFEBED2FD8B0A70062A7FB /* WeatherCastUITestsLaunchTests.swift */ = {isa = PBXFileReference; lastKnownFileType = sourcecode.swift; path = WeatherCastUITestsLaunchTests.swift; sourceTree = "<group>"; };
/* End PBXFileReference section */

/* Begin PBXFrameworksBuildPhase section */
		D9EFEBC52FD8B0940062A7FB /* Frameworks */ = {
			isa = PBXFrameworksBuildPhase;
			buildActionMask = 2147483647;
			files = (
			);
			runOnlyForDeploymentPostprocessing = 0;
		};
		D9EFEBDA2FD8B0A70062A7FB /* Frameworks */ = {
			isa = PBXFrameworksBuildPhase;
			buildActionMask = 2147483647;
			files = (
			);
			runOnlyForDeploymentPostprocessing = 0;
		};
		D9EFEBE42FD8B0A70062A7FB /* Frameworks */ = {
			isa = PBXFrameworksBuildPhase;
			buildActionMask = 2147483647;
			files = (
			);
			runOnlyForDeploymentPostprocessing = 0;
		};
/* End PBXFrameworksBuildPhase section */

/* Begin PBXGroup section */
		D9EFEBBF2FD8B0940062A7FB = {
			isa = PBXGroup;
			children = (
				D9EFEBCA2FD8B0940062A7FB /* WeatherCast */,
				D9EFEBE02FD8B0A70062A7FB /* WeatherCastTests */,
				D9EFEBEA2FD8B0A70062A7FB /* WeatherCastUITests */,
				D9EFEBC92FD8B0940062A7FB /* Products */,
			);
			sourceTree = "<group>";
		};
		D9EFEBC92FD8B0940062A7FB /* Products */ = {
			isa = PBXGroup;
			children = (
				D9EFEBC82FD8B0940062A7FB /* WeatherCast.app */,
				D9EFEBDD2FD8B0A70062A7FB /* WeatherCastTests.xctest */,
				D9EFEBE72FD8B0A70062A7FB /* WeatherCastUITests.xctest */,
			);
			name = Products;
			sourceTree = "<group>";
		};
		D9EFEBCA2FD8B0940062A7FB /* WeatherCast */ = {
			isa = PBXGroup;
			children = (
				D9EFEBCB2FD8B0940062A7FB /* WeatherCastApp.swift */,
				D9EFEBCD2FD8B0940062A7FB /* ContentView.swift */,
				D9EFEBCF2FD8B0A50062A7FB /* Assets.xcassets */,
				D9EFEBD42FD8B0A60062A7FB /* Persistence.swift */,
				D9EFEBD62FD8B0A60062A7FB /* WeatherCast.xcdatamodeld */,
				D9EFEBD12FD8B0A50062A7FB /* Preview Content */,
			);
			path = WeatherCast;
			sourceTree = "<group>";
		};
		D9EFEBD12FD8B0A50062A7FB /* Preview Content */ = {
			isa = PBXGroup;
			children = (
				D9EFEBD22FD8B0A50062A7FB /* Preview Assets.xcassets */,
			);
			path = "Preview Content";
			sourceTree = "<group>";
		};
		D9EFEBE02FD8B0A70062A7FB /* WeatherCastTests */ = {
			isa = PBXGroup;
			children = (
				D9EFEBE12FD8B0A70062A7FB /* WeatherCastTests.swift */,
			);
			path = WeatherCastTests;
			sourceTree = "<group>";
		};
		D9EFEBEA2FD8B0A70062A7FB /* WeatherCastUITests */ = {
			isa = PBXGroup;
			children = (
				D9EFEBEB2FD8B0A70062A7FB /* WeatherCastUITests.swift */,
				D9EFEBED2FD8B0A70062A7FB /* WeatherCastUITestsLaunchTests.swift */,
			);
			path = WeatherCastUITests;
			sourceTree = "<group>";
		};
/* End PBXGroup section */

/* Begin PBXNativeTarget section */
		D9EFEBC72FD8B0940062A7FB /* WeatherCast */ = {
			isa = PBXNativeTarget;
			buildConfigurationList = D9EFEBF12FD8B0A70062A7FB /* Build configuration list for PBXNativeTarget "WeatherCast" */;
			buildPhases = (
				D9EFEBC42FD8B0940062A7FB /* Sources */,
				D9EFEBC52FD8B0940062A7FB /* Frameworks */,
				D9EFEBC62FD8B0940062A7FB /* Resources */,
			);
			buildRules = (
			);
			dependencies = (
			);
			name = WeatherCast;
			productName = WeatherCast;
			productReference = D9EFEBC82FD8B0940062A7FB /* WeatherCast.app */;
			productType = "com.apple.product-type.application";
		};
		D9EFEBDC2FD8B0A70062A7FB /* WeatherCastTests */ = {
			isa = PBXNativeTarget;
			buildConfigurationList = D9EFEBF42FD8B0A70062A7FB /* Build configuration list for PBXNativeTarget "WeatherCastTests" */;
			buildPhases = (
				D9EFEBD92FD8B0A70062A7FB /* Sources */,
				D9EFEBDA2FD8B0A70062A7FB /* Frameworks */,
				D9EFEBDB2FD8B0A70062A7FB /* Resources */,
			);
			buildRules = (
			);
			dependencies = (
				D9EFEBDF2FD8B0A70062A7FB /* PBXTargetDependency */,
			);
			name = WeatherCastTests;
			productName = WeatherCastTests;
			productReference = D9EFEBDD2FD8B0A70062A7FB /* WeatherCastTests.xctest */;
			productType = "com.apple.product-type.bundle.unit-test";
		};
		D9EFEBE62FD8B0A70062A7FB /* WeatherCastUITests */ = {
			isa = PBXNativeTarget;
			buildConfigurationList = D9EFEBF72FD8B0A70062A7FB /* Build configuration list for PBXNativeTarget "WeatherCastUITests" */;
			buildPhases = (
				D9EFEBE32FD8B0A70062A7FB /* Sources */,
				D9EFEBE42FD8B0A70062A7FB /* Frameworks */,
				D9EFEBE52FD8B0A70062A7FB /* Resources */,
			);
			buildRules = (
			);
			dependencies = (
				D9EFEBE92FD8B0A70062A7FB /* PBXTargetDependency */,
			);
			name = WeatherCastUITests;
			productName = WeatherCastUITests;
			productReference = D9EFEBE72FD8B0A70062A7FB /* WeatherCastUITests.xctest */;
			productType = "com.apple.product-type.bundle.ui-testing";
		};
/* End PBXNativeTarget section */

/* Begin PBXProject section */
		D9EFEBC02FD8B0940062A7FB /* Project object */ = {
			isa = PBXProject;
			attributes = {
				BuildIndependentTargetsInParallel = 1;
				LastSwiftUpdateCheck = 1410;
				LastUpgradeCheck = 1410;
				TargetAttributes = {
					D9EFEBC72FD8B0940062A7FB = {
						CreatedOnToolsVersion = 14.1;
					};
					D9EFEBDC2FD8B0A70062A7FB = {
						CreatedOnToolsVersion = 14.1;
						TestTargetID = D9EFEBC72FD8B0940062A7FB;
					};
					D9EFEBE62FD8B0A70062A7FB = {
						CreatedOnToolsVersion = 14.1;
						TestTargetID = D9EFEBC72FD8B0940062A7FB;
					};
				};
			};
			buildConfigurationList = D9EFEBC32FD8B0940062A7FB /* Build configuration list for PBXProject "WeatherCast" */;
			compatibilityVersion = "Xcode 14.0";
			developmentRegion = en;
			hasScannedForEncodings = 0;
			knownRegions = (
				en,
				Base,
			);
			mainGroup = D9EFEBBF2FD8B0940062A7FB;
			productRefGroup = D9EFEBC92FD8B0940062A7FB /* Products */;
			projectDirPath = "";
			projectRoot = "";
			targets = (
				D9EFEBC72FD8B0940062A7FB /* WeatherCast */,
				D9EFEBDC2FD8B0A70062A7FB /* WeatherCastTests */,
				D9EFEBE62FD8B0A70062A7FB /* WeatherCastUITests */,
			);
		};
/* End PBXProject section */

/* Begin PBXResourcesBuildPhase section */
		D9EFEBC62FD8B0940062A7FB /* Resources */ = {
			isa = PBXResourcesBuildPhase;
			buildActionMask = 2147483647;
			files = (
				D9EFEBD32FD8B0A50062A7FB /* Preview Assets.xcassets in Resources */,
				D9EFEBD02FD8B0A50062A7FB /* Assets.xcassets in Resources */,
			);
			runOnlyForDeploymentPostprocessing = 0;
		};
		D9EFEBDB2FD8B0A70062A7FB /* Resources */ = {
			isa = PBXResourcesBuildPhase;
			buildActionMask = 2147483647;
			files = (
			);
			runOnlyForDeploymentPostprocessing = 0;
		};
		D9EFEBE52FD8B0A70062A7FB /* Resources */ = {
			isa = PBXResourcesBuildPhase;
			buildActionMask = 2147483647;
			files = (
			);
			runOnlyForDeploymentPostprocessing = 0;
		};
/* End PBXResourcesBuildPhase section */

/* Begin PBXSourcesBuildPhase section */
		D9EFEBC42FD8B0940062A7FB /* Sources */ = {
			isa = PBXSourcesBuildPhase;
			buildActionMask = 2147483647;
			files = (
				D9EFEBD52FD8B0A60062A7FB /* Persistence.swift in Sources */,
				D9EFEBCE2FD8B0940062A7FB /* ContentView.swift in Sources */,
				D9EFEBCC2FD8B0940062A7FB /* WeatherCastApp.swift in Sources */,
				D9EFEBD82FD8B0A60062A7FB /* WeatherCast.xcdatamodeld in Sources */,
			);
			runOnlyForDeploymentPostprocessing = 0;
		};
		D9EFEBD92FD8B0A70062A7FB /* Sources */ = {
			isa = PBXSourcesBuildPhase;
			buildActionMask = 2147483647;
			files = (
				D9EFEBE22FD8B0A70062A7FB /* WeatherCastTests.swift in Sources */,
			);
			runOnlyForDeploymentPostprocessing = 0;
		};
		D9EFEBE32FD8B0A70062A7FB /* Sources */ = {
			isa = PBXSourcesBuildPhase;
			buildActionMask = 2147483647;
			files = (
				D9EFEBEE2FD8B0A70062A7FB /* WeatherCastUITestsLaunchTests.swift in Sources */,
				D9EFEBEC2FD8B0A70062A7FB /* WeatherCastUITests.swift in Sources */,
			);
			runOnlyForDeploymentPostprocessing = 0;
		};
/* End PBXSourcesBuildPhase section */

/* Begin PBXTargetDependency section */
		D9EFEBDF2FD8B0A70062A7FB /* PBXTargetDependency */ = {
			isa = PBXTargetDependency;
			target = D9EFEBC72FD8B0940062A7FB /* WeatherCast */;
			targetProxy = D9EFEBDE2FD8B0A70062A7FB /* PBXContainerItemProxy */;
		};
		D9EFEBE92FD8B0A70062A7FB /* PBXTargetDependency */ = {
			isa = PBXTargetDependency;
			target = D9EFEBC72FD8B0940062A7FB /* WeatherCast */;
			targetProxy = D9EFEBE82FD8B0A70062A7FB /* PBXContainerItemProxy */;
		};
/* End PBXTargetDependency section */

/* Begin XCBuildConfiguration section */
		D9EFEBEF2FD8B0A70062A7FB /* Debug */ = {
			isa = XCBuildConfiguration;
			buildSettings = {
				ALWAYS_SEARCH_USER_PATHS = NO;
				CLANG_ANALYZER_NONNULL = YES;
				CLANG_ANALYZER_NUMBER_OBJECT_CONVERSION = YES_AGGRESSIVE;
				CLANG_CXX_LANGUAGE_STANDARD = "gnu++20";
				CLANG_ENABLE_MODULES = YES;
				CLANG_ENABLE_OBJC_ARC = YES;
				CLANG_ENABLE_OBJC_WEAK = YES;
				CLANG_WARN_BLOCK_CAPTURE_AUTORELEASING = YES;
				CLANG_WARN_BOOL_CONVERSION = YES;
				CLANG_WARN_COMMA = YES;
				CLANG_WARN_CONSTANT_CONVERSION = YES;
				CLANG_WARN_DEPRECATED_OBJC_IMPLEMENTATIONS = YES;
				CLANG_WARN_DIRECT_OBJC_ISA_USAGE = YES_ERROR;
				CLANG_WARN_DOCUMENTATION_COMMENTS = YES;
				CLANG_WARN_EMPTY_BODY = YES;
				CLANG_WARN_ENUM_CONVERSION = YES;
				CLANG_WARN_INFINITE_RECURSION = YES;
				CLANG_WARN_INT_CONVERSION = YES;
				CLANG_WARN_NON_LITERAL_NULL_CONVERSION = YES;
				CLANG_WARN_OBJC_IMPLICIT_RETAIN_SELF = YES;
				CLANG_WARN_OBJC_LITERAL_CONVERSION = YES;
				CLANG_WARN_OBJC_ROOT_CLASS = YES_ERROR;
				CLANG_WARN_QUOTED_INCLUDE_IN_FRAMEWORK_HEADER = YES;
				CLANG_WARN_RANGE_LOOP_ANALYSIS = YES;
				CLANG_WARN_STRICT_PROTOTYPES = YES;
				CLANG_WARN_SUSPICIOUS_MOVE = YES;
				CLANG_WARN_UNGUARDED_AVAILABILITY = YES_AGGRESSIVE;
				CLANG_WARN_UNREACHABLE_CODE = YES;
				CLANG_WARN__DUPLICATE_METHOD_MATCH = YES;
				COPY_PHASE_STRIP = NO;
				DEBUG_INFORMATION_FORMAT = dwarf;
				ENABLE_STRICT_OBJC_MSGSEND = YES;
				ENABLE_TESTABILITY = YES;
				GCC_C_LANGUAGE_STANDARD = gnu11;
				GCC_DYNAMIC_NO_PIC = NO;
				GCC_NO_COMMON_BLOCKS = YES;
				GCC_OPTIMIZATION_LEVEL = 0;
				GCC_PREPROCESSOR_DEFINITIONS = (
					"DEBUG=1",
					"$(inherited)",
				);
				GCC_WARN_64_TO_32_BIT_CONVERSION = YES;
				GCC_WARN_ABOUT_RETURN_TYPE = YES_ERROR;
				GCC_WARN_UNDECLARED_SELECTOR = YES;
				GCC_WARN_UNINITIALIZED_AUTOS = YES_AGGRESSIVE;
				GCC_WARN_UNUSED_FUNCTION = YES;
				GCC_WARN_UNUSED_VARIABLE = YES;
				IPHONEOS_DEPLOYMENT_TARGET = 16.1;
				MTL_ENABLE_DEBUG_INFO = INCLUDE_SOURCE;
				MTL_FAST_MATH = YES;
				ONLY_ACTIVE_ARCH = YES;
				SDKROOT = iphoneos;
				SWIFT_ACTIVE_COMPILATION_CONDITIONS = DEBUG;
				SWIFT_OPTIMIZATION_LEVEL = "-Onone";
			};
			name = Debug;
		};
		D9EFEBF02FD8B0A70062A7FB /* Release */ = {
			isa = XCBuildConfiguration;
			buildSettings = {
				ALWAYS_SEARCH_USER_PATHS = NO;
				CLANG_ANALYZER_NONNULL = YES;
				CLANG_ANALYZER_NUMBER_OBJECT_CONVERSION = YES_AGGRESSIVE;
				CLANG_CXX_LANGUAGE_STANDARD = "gnu++20";
				CLANG_ENABLE_MODULES = YES;
				CLANG_ENABLE_OBJC_ARC = YES;
				CLANG_ENABLE_OBJC_WEAK = YES;
				CLANG_WARN_BLOCK_CAPTURE_AUTORELEASING = YES;
				CLANG_WARN_BOOL_CONVERSION = YES;
				CLANG_WARN_COMMA = YES;
				CLANG_WARN_CONSTANT_CONVERSION = YES;
				CLANG_WARN_DEPRECATED_OBJC_IMPLEMENTATIONS = YES;
				CLANG_WARN_DIRECT_OBJC_ISA_USAGE = YES_ERROR;
				CLANG_WARN_DOCUMENTATION_COMMENTS = YES;
				CLANG_WARN_EMPTY_BODY = YES;
				CLANG_WARN_ENUM_CONVERSION = YES;
				CLANG_WARN_INFINITE_RECURSION = YES;
				CLANG_WARN_INT_CONVERSION = YES;
				CLANG_WARN_NON_LITERAL_NULL_CONVERSION = YES;
				CLANG_WARN_OBJC_IMPLICIT_RETAIN_SELF = YES;
				CLANG_WARN_OBJC_LITERAL_CONVERSION = YES;
				CLANG_WARN_OBJC_ROOT_CLASS = YES_ERROR;
				CLANG_WARN_QUOTED_INCLUDE_IN_FRAMEWORK_HEADER = YES;
				CLANG_WARN_RANGE_LOOP_ANALYSIS = YES;
				CLANG_WARN_STRICT_PROTOTYPES = YES;
				CLANG_WARN_SUSPICIOUS_MOVE = YES;
				CLANG_WARN_UNGUARDED_AVAILABILITY = YES_AGGRESSIVE;
				CLANG_WARN_UNREACHABLE_CODE = YES;
				CLANG_WARN__DUPLICATE_METHOD_MATCH = YES;
				COPY_PHASE_STRIP = NO;
				DEBUG_INFORMATION_FORMAT = "dwarf-with-dsym";
				ENABLE_NS_ASSERTIONS = NO;
				ENABLE_STRICT_OBJC_MSGSEND = YES;
				GCC_C_LANGUAGE_STANDARD = gnu11;
				GCC_NO_COMMON_BLOCKS = YES;
				GCC_WARN_64_TO_32_BIT_CONVERSION = YES;
				GCC_WARN_ABOUT_RETURN_TYPE = YES_ERROR;
				GCC_WARN_UNDECLARED_SELECTOR = YES;
				GCC_WARN_UNINITIALIZED_AUTOS = YES_AGGRESSIVE;
				GCC_WARN_UNUSED_FUNCTION = YES;
				GCC_WARN_UNUSED_VARIABLE = YES;
				IPHONEOS_DEPLOYMENT_TARGET = 16.1;
				MTL_ENABLE_DEBUG_INFO = NO;
				MTL_FAST_MATH = YES;
				SDKROOT = iphoneos;
				SWIFT_COMPILATION_MODE = wholemodule;
				SWIFT_OPTIMIZATION_LEVEL = "-O";
				VALIDATE_PRODUCT = YES;
			};
			name = Release;
		};
		D9EFEBF22FD8B0A70062A7FB /* Debug */ = {
			isa = XCBuildConfiguration;
			buildSettings = {
				ASSETCATALOG_COMPILER_APPICON_NAME = AppIcon;
				ASSETCATALOG_COMPILER_GLOBAL_ACCENT_COLOR_NAME = AccentColor;
				CODE_SIGN_STYLE = Automatic;
				CURRENT_PROJECT_VERSION = 1;
				DEVELOPMENT_ASSET_PATHS = "\"WeatherCast/Preview Content\"";
				ENABLE_PREVIEWS = YES;
				GENERATE_INFOPLIST_FILE = YES;
				INFOPLIST_KEY_UIApplicationSceneManifest_Generation = YES;
				INFOPLIST_KEY_UIApplicationSupportsIndirectInputEvents = YES;
				INFOPLIST_KEY_UILaunchScreen_Generation = YES;
				INFOPLIST_KEY_UISupportedInterfaceOrientations_iPad = "UIInterfaceOrientationPortrait UIInterfaceOrientationPortraitUpsideDown UIInterfaceOrientationLandscapeLeft UIInterfaceOrientationLandscapeRight";
				INFOPLIST_KEY_UISupportedInterfaceOrientations_iPhone = "UIInterfaceOrientationPortrait UIInterfaceOrientationLandscapeLeft UIInterfaceOrientationLandscapeRight";
				LD_RUNPATH_SEARCH_PATHS = (
					"$(inherited)",
					"@executable_path/Frameworks",
				);
				MARKETING_VERSION = 1.0;
				PRODUCT_BUNDLE_IDENTIFIER = ITI.WeatherCast;
				PRODUCT_NAME = "$(TARGET_NAME)";
				SWIFT_EMIT_LOC_STRINGS = YES;
				SWIFT_VERSION = 5.0;
				TARGETED_DEVICE_FAMILY = "1,2";
			};
			name = Debug;
		};
		D9EFEBF32FD8B0A70062A7FB /* Release */ = {
			isa = XCBuildConfiguration;
			buildSettings = {
				ASSETCATALOG_COMPILER_APPICON_NAME = AppIcon;
				ASSETCATALOG_COMPILER_GLOBAL_ACCENT_COLOR_NAME = AccentColor;
				CODE_SIGN_STYLE = Automatic;
				CURRENT_PROJECT_VERSION = 1;
				DEVELOPMENT_ASSET_PATHS = "\"WeatherCast/Preview Content\"";
				ENABLE_PREVIEWS = YES;
				GENERATE_INFOPLIST_FILE = YES;
				INFOPLIST_KEY_UIApplicationSceneManifest_Generation = YES;
				INFOPLIST_KEY_UIApplicationSupportsIndirectInputEvents = YES;
				INFOPLIST_KEY_UILaunchScreen_Generation = YES;
				INFOPLIST_KEY_UISupportedInterfaceOrientations_iPad = "UIInterfaceOrientationPortrait UIInterfaceOrientationPortraitUpsideDown UIInterfaceOrientationLandscapeLeft UIInterfaceOrientationLandscapeRight";
				INFOPLIST_KEY_UISupportedInterfaceOrientations_iPhone = "UIInterfaceOrientationPortrait UIInterfaceOrientationLandscapeLeft UIInterfaceOrientationLandscapeRight";
				LD_RUNPATH_SEARCH_PATHS = (
					"$(inherited)",
					"@executable_path/Frameworks",
				);
				MARKETING_VERSION = 1.0;
				PRODUCT_BUNDLE_IDENTIFIER = ITI.WeatherCast;
				PRODUCT_NAME = "$(TARGET_NAME)";
				SWIFT_EMIT_LOC_STRINGS = YES;
				SWIFT_VERSION = 5.0;
				TARGETED_DEVICE_FAMILY = "1,2";
			};
			name = Release;
		};
		D9EFEBF52FD8B0A70062A7FB /* Debug */ = {
			isa = XCBuildConfiguration;
			buildSettings = {
				ALWAYS_EMBED_SWIFT_STANDARD_LIBRARIES = YES;
				BUNDLE_LOADER = "$(TEST_HOST)";
				CODE_SIGN_STYLE = Automatic;
				CURRENT_PROJECT_VERSION = 1;
				GENERATE_INFOPLIST_FILE = YES;
				IPHONEOS_DEPLOYMENT_TARGET = 16.1;
				MARKETING_VERSION = 1.0;
				PRODUCT_BUNDLE_IDENTIFIER = ITI.WeatherCastTests;
				PRODUCT_NAME = "$(TARGET_NAME)";
				SWIFT_EMIT_LOC_STRINGS = NO;
				SWIFT_VERSION = 5.0;
				TARGETED_DEVICE_FAMILY = "1,2";
				TEST_HOST = "$(BUILT_PRODUCTS_DIR)/WeatherCast.app/$(BUNDLE_EXECUTABLE_FOLDER_PATH)/WeatherCast";
			};
			name = Debug;
		};
		D9EFEBF62FD8B0A70062A7FB /* Release */ = {
			isa = XCBuildConfiguration;
			buildSettings = {
				ALWAYS_EMBED_SWIFT_STANDARD_LIBRARIES = YES;
				BUNDLE_LOADER = "$(TEST_HOST)";
				CODE_SIGN_STYLE = Automatic;
				CURRENT_PROJECT_VERSION = 1;
				GENERATE_INFOPLIST_FILE = YES;
				IPHONEOS_DEPLOYMENT_TARGET = 16.1;
				MARKETING_VERSION = 1.0;
				PRODUCT_BUNDLE_IDENTIFIER = ITI.WeatherCastTests;
				PRODUCT_NAME = "$(TARGET_NAME)";
				SWIFT_EMIT_LOC_STRINGS = NO;
				SWIFT_VERSION = 5.0;
				TARGETED_DEVICE_FAMILY = "1,2";
				TEST_HOST = "$(BUILT_PRODUCTS_DIR)/WeatherCast.app/$(BUNDLE_EXECUTABLE_FOLDER_PATH)/WeatherCast";
			};
			name = Release;
		};
		D9EFEBF82FD8B0A70062A7FB /* Debug */ = {
			isa = XCBuildConfiguration;
			buildSettings = {
				ALWAYS_EMBED_SWIFT_STANDARD_LIBRARIES = YES;
				CODE_SIGN_STYLE = Automatic;
				CURRENT_PROJECT_VERSION = 1;
				GENERATE_INFOPLIST_FILE = YES;
				MARKETING_VERSION = 1.0;
				PRODUCT_BUNDLE_IDENTIFIER = ITI.WeatherCastUITests;
				PRODUCT_NAME = "$(TARGET_NAME)";
				SWIFT_EMIT_LOC_STRINGS = NO;
				SWIFT_VERSION = 5.0;
				TARGETED_DEVICE_FAMILY = "1,2";
				TEST_TARGET_NAME = WeatherCast;
			};
			name = Debug;
		};
		D9EFEBF92FD8B0A70062A7FB /* Release */ = {
			isa = XCBuildConfiguration;
			buildSettings = {
				ALWAYS_EMBED_SWIFT_STANDARD_LIBRARIES = YES;
				CODE_SIGN_STYLE = Automatic;
				CURRENT_PROJECT_VERSION = 1;
				GENERATE_INFOPLIST_FILE = YES;
				MARKETING_VERSION = 1.0;
				PRODUCT_BUNDLE_IDENTIFIER = ITI.WeatherCastUITests;
				PRODUCT_NAME = "$(TARGET_NAME)";
				SWIFT_EMIT_LOC_STRINGS = NO;
				SWIFT_VERSION = 5.0;
				TARGETED_DEVICE_FAMILY = "1,2";
				TEST_TARGET_NAME = WeatherCast;
			};
			name = Release;
		};
/* End XCBuildConfiguration section */

/* Begin XCConfigurationList section */
		D9EFEBC32FD8B0940062A7FB /* Build configuration list for PBXProject "WeatherCast" */ = {
			isa = XCConfigurationList;
			buildConfigurations = (
				D9EFEBEF2FD8B0A70062A7FB /* Debug */,
				D9EFEBF02FD8B0A70062A7FB /* Release */,
			);
			defaultConfigurationIsVisible = 0;
			defaultConfigurationName = Release;
		};
		D9EFEBF12FD8B0A70062A7FB /* Build configuration list for PBXNativeTarget "WeatherCast" */ = {
			isa = XCConfigurationList;
			buildConfigurations = (
				D9EFEBF22FD8B0A70062A7FB /* Debug */,
				D9EFEBF32FD8B0A70062A7FB /* Release */,
			);
			defaultConfigurationIsVisible = 0;
			defaultConfigurationName = Release;
		};
		D9EFEBF42FD8B0A70062A7FB /* Build configuration list for PBXNativeTarget "WeatherCastTests" */ = {
			isa = XCConfigurationList;
			buildConfigurations = (
				D9EFEBF52FD8B0A70062A7FB /* Debug */,
				D9EFEBF62FD8B0A70062A7FB /* Release */,
			);
			defaultConfigurationIsVisible = 0;
			defaultConfigurationName = Release;
		};
		D9EFEBF72FD8B0A70062A7FB /* Build configuration list for PBXNativeTarget "WeatherCastUITests" */ = {
			isa = XCConfigurationList;
			buildConfigurations = (
				D9EFEBF82FD8B0A70062A7FB /* Debug */,
				D9EFEBF92FD8B0A70062A7FB /* Release */,
			);
			defaultConfigurationIsVisible = 0;
			defaultConfigurationName = Release;
		};
/* End XCConfigurationList section */

/* Begin XCVersionGroup section */
		D9EFEBD62FD8B0A60062A7FB /* WeatherCast.xcdatamodeld */ = {
			isa = XCVersionGroup;
			children = (
				D9EFEBD72FD8B0A60062A7FB /* WeatherCast.xcdatamodel */,
			);
			currentVersion = D9EFEBD72FD8B0A60062A7FB /* WeatherCast.xcdatamodel */;
			path = WeatherCast.xcdatamodeld;
			sourceTree = "<group>";
			versionGroupType = wrapper.xcdatamodel;
		};
/* End XCVersionGroup section */
	};
	rootObject = D9EFEBC02FD8B0940062A7FB /* Project object */;
}
